{
  "version": 4,
  "terraform_version": "1.7.2",
  "serial": 297,
  "lineage": "66638afc-484c-6556-223b-9a62fa58b125",
  "outputs": {},
  "resources": [
    {
      "module": "module.AS-Group",
      "mode": "managed",
      "type": "aws_autoscaling_group",
      "name": "AS-group",
      "provider": "provider[\"registry.terraform.io/hashicorp/aws\"]",
      "instances": [
        {
          "schema_version": 1,
          "attributes": {
            "arn": "arn:aws:autoscaling:us-east-1:086618797917:autoScalingGroup:cedf3afb-7d88-4728-a72a-1920da491aac:autoScalingGroupName/terraform-20240303010708058300000005",
            "availability_zones": [
              "us-east-1a",
              "us-east-1b",
              "us-east-1c",
              "us-east-1d"
            ],
            "capacity_rebalance": false,
            "context": "",
            "default_cooldown": 300,
            "default_instance_warmup": 0,
            "desired_capacity": 2,
            "desired_capacity_type": "",
            "enabled_metrics": [],
            "force_delete": false,
            "force_delete_warm_pool": false,
            "health_check_grace_period": 300,
            "health_check_type": "EC2",
            "id": "terraform-20240303010708058300000005",
            "ignore_failed_scaling_activities": false,
            "initial_lifecycle_hook": [],
            "instance_maintenance_policy": [],
            "instance_refresh": [],
            "launch_configuration": "",
            "launch_template": [
              {
                "id": "lt-03b95692b4afe2bf1",
                "name": "APP-INSTANCE-20240303010659546600000003",
                "version": "$Latest"
              }
            ],
            "load_balancers": [],
            "max_instance_lifetime": 0,
            "max_size": 4,
            "metrics_granularity": "1Minute",
            "min_elb_capacity": null,
            "min_size": 2,
            "mixed_instances_policy": [],
            "name": "terraform-20240303010708058300000005",
            "name_prefix": "terraform-",
            "placement_group": "",
            "predicted_capacity": 0,
            "protect_from_scale_in": false,
            "service_linked_role_arn": "arn:aws:iam::086618797917:role/aws-service-role/autoscaling.amazonaws.com/AWSServiceRoleForAutoScaling",
            "suspended_processes": [],
            "tag": [],
            "target_group_arns": [],
            "termination_policies": [],
            "timeouts": null,
            "traffic_source": [],
            "vpc_zone_identifier": [
              "subnet-000e66f2058322ab8",
              "subnet-05b701275fa4a390c",
              "subnet-0935ea98d1c9916fc",
              "subnet-0e61e674f7e02e174"
            ],
            "wait_for_capacity_timeout": "10m",
            "wait_for_elb_capacity": null,
            "warm_pool": [],
            "warm_pool_size": 0
          },
          "sensitive_attributes": [],
          "private": "eyJlMmJmYjczMC1lY2FhLTExZTYtOGY4OC0zNDM2M2JjN2M0YzAiOnsiZGVsZXRlIjo2MDAwMDAwMDAwMDAsInVwZGF0ZSI6NjAwMDAwMDAwMDAwfSwic2NoZW1hX3ZlcnNpb24iOiIxIn0=",
          "dependencies": [
            "module.AS-Group.aws_key_pair.app-key",
            "module.AS-Group.aws_launch_template.app",
            "module.AS-Group.aws_security_group.app-SG",
            "module.AS-Group.tls_private_key.private-key",
            "module.Network.aws_subnet.publicSNs",
            "module.Network.aws_vpc.mainvpc"
          ]
        }
      ]
    },
    {
      "module": "module.AS-Group",
      "mode": "managed",
      "type": "aws_autoscaling_policy",
      "name": "scale-down",
      "provider": "provider[\"registry.terraform.io/hashicorp/aws\"]",
      "instances": [
        {
          "schema_version": 0,
          "attributes": {
            "adjustment_type": "ChangeInCapacity",
            "arn": "arn:aws:autoscaling:us-east-1:086618797917:scalingPolicy:d6814b92-30d7-4f53-a0f0-d4d8b66a0301:autoScalingGroupName/terraform-20240303010708058300000005:policyName/scale-down",
            "autoscaling_group_name": "terraform-20240303010708058300000005",
            "cooldown": 60,
            "enabled": true,
            "estimated_instance_warmup": 0,
            "id": "scale-down",
            "metric_aggregation_type": "",
            "min_adjustment_magnitude": 0,
            "name": "scale-down",
            "policy_type": "SimpleScaling",
            "predictive_scaling_configuration": [],
            "scaling_adjustment": -1,
            "step_adjustment": [],
            "target_tracking_configuration": []
          },
          "sensitive_attributes": [],
          "private": "bnVsbA==",
          "dependencies": [
            "module.AS-Group.aws_autoscaling_group.AS-group",
            "module.AS-Group.aws_key_pair.app-key",
            "module.AS-Group.aws_launch_template.app",
            "module.AS-Group.aws_security_group.app-SG",
            "module.AS-Group.tls_private_key.private-key",
            "module.Network.aws_subnet.publicSNs",
            "module.Network.aws_vpc.mainvpc"
          ]
        }
      ]
    },
    {
      "module": "module.AS-Group",
      "mode": "managed",
      "type": "aws_autoscaling_policy",
      "name": "scale-out",
      "provider": "provider[\"registry.terraform.io/hashicorp/aws\"]",
      "instances": [
        {
          "schema_version": 0,
          "attributes": {
            "adjustment_type": "ChangeInCapacity",
            "arn": "arn:aws:autoscaling:us-east-1:086618797917:scalingPolicy:7dec23da-4026-4365-ba2e-5625deae40bc:autoScalingGroupName/terraform-20240303010708058300000005:policyName/scale-out",
            "autoscaling_group_name": "terraform-20240303010708058300000005",
            "cooldown": 20,
            "enabled": true,
            "estimated_instance_warmup": 0,
            "id": "scale-out",
            "metric_aggregation_type": "",
            "min_adjustment_magnitude": 0,
            "name": "scale-out",
            "policy_type": "SimpleScaling",
            "predictive_scaling_configuration": [],
            "scaling_adjustment": 1,
            "step_adjustment": [],
            "target_tracking_configuration": []
          },
          "sensitive_attributes": [],
          "private": "bnVsbA==",
          "dependencies": [
            "module.AS-Group.aws_autoscaling_group.AS-group",
            "module.AS-Group.aws_key_pair.app-key",
            "module.AS-Group.aws_launch_template.app",
            "module.AS-Group.aws_security_group.app-SG",
            "module.AS-Group.tls_private_key.private-key",
            "module.Network.aws_subnet.publicSNs",
            "module.Network.aws_vpc.mainvpc"
          ]
        }
      ]
    },
    {
      "module": "module.AS-Group",
      "mode": "managed",
      "type": "aws_cloudwatch_metric_alarm",
      "name": "high-cpu-usage",
      "provider": "provider[\"registry.terraform.io/hashicorp/aws\"]",
      "instances": [
        {
          "schema_version": 1,
          "attributes": {
            "actions_enabled": true,
            "alarm_actions": [
              "arn:aws:autoscaling:us-east-1:086618797917:scalingPolicy:7dec23da-4026-4365-ba2e-5625deae40bc:autoScalingGroupName/terraform-20240303010708058300000005:policyName/scale-out"
            ],
            "alarm_description": "This metric sets off an alarm if CPU usage is over 60% for 120 consecutive seconds",
            "alarm_name": "high-cpu-usage",
            "arn": "arn:aws:cloudwatch:us-east-1:086618797917:alarm:high-cpu-usage",
            "comparison_operator": "GreaterThanThreshold",
            "datapoints_to_alarm": 0,
            "dimensions": {
              "AutoScalingGroupName": "terraform-20240303010708058300000005"
            },
            "evaluate_low_sample_count_percentiles": "",
            "evaluation_periods": 2,
            "extended_statistic": "",
            "id": "high-cpu-usage",
            "insufficient_data_actions": [],
            "metric_name": "CPUUtilization",
            "metric_query": [],
            "namespace": "AWS/EC2",
            "ok_actions": [],
            "period": 30,
            "statistic": "Average",
            "tags": {},
            "tags_all": {},
            "threshold": 40,
            "threshold_metric_id": "",
            "treat_missing_data": "missing",
            "unit": ""
          },
          "sensitive_attributes": [],
          "private": "eyJzY2hlbWFfdmVyc2lvbiI6IjEifQ==",
          "dependencies": [
            "module.AS-Group.aws_autoscaling_group.AS-group",
            "module.AS-Group.aws_autoscaling_policy.scale-out",
            "module.AS-Group.aws_key_pair.app-key",
            "module.AS-Group.aws_launch_template.app",
            "module.AS-Group.aws_security_group.app-SG",
            "module.AS-Group.tls_private_key.private-key",
            "module.Network.aws_subnet.publicSNs",
            "module.Network.aws_vpc.mainvpc"
          ]
        }
      ]
    },
    {
      "module": "module.AS-Group",
      "mode": "managed",
      "type": "aws_cloudwatch_metric_alarm",
      "name": "low-cpu-usage",
      "provider": "provider[\"registry.terraform.io/hashicorp/aws\"]",
      "instances": [
        {
          "schema_version": 1,
          "attributes": {
            "actions_enabled": true,
            "alarm_actions": [
              "arn:aws:autoscaling:us-east-1:086618797917:scalingPolicy:d6814b92-30d7-4f53-a0f0-d4d8b66a0301:autoScalingGroupName/terraform-20240303010708058300000005:policyName/scale-down"
            ],
            "alarm_description": "This metric sets off an alarm if CPU usage is over 60% for 120 consecutive seconds",
            "alarm_name": "low-cpu-usage",
            "arn": "arn:aws:cloudwatch:us-east-1:086618797917:alarm:low-cpu-usage",
            "comparison_operator": "LessThanThreshold",
            "datapoints_to_alarm": 0,
            "dimensions": {
              "AutoScalingGroupName": "terraform-20240303010708058300000005"
            },
            "evaluate_low_sample_count_percentiles": "",
            "evaluation_periods": 2,
            "extended_statistic": "",
            "id": "low-cpu-usage",
            "insufficient_data_actions": [],
            "metric_name": "CPUUtilization",
            "metric_query": [],
            "namespace": "AWS/EC2",
            "ok_actions": [],
            "period": 30,
            "statistic": "Average",
            "tags": {},
            "tags_all": {},
            "threshold": 30,
            "threshold_metric_id": "",
            "treat_missing_data": "missing",
            "unit": ""
          },
          "sensitive_attributes": [],
          "private": "eyJzY2hlbWFfdmVyc2lvbiI6IjEifQ==",
          "dependencies": [
            "module.AS-Group.aws_autoscaling_group.AS-group",
            "module.AS-Group.aws_autoscaling_policy.scale-down",
            "module.AS-Group.aws_key_pair.app-key",
            "module.AS-Group.aws_launch_template.app",
            "module.AS-Group.aws_security_group.app-SG",
            "module.AS-Group.tls_private_key.private-key",
            "module.Network.aws_subnet.publicSNs",
            "module.Network.aws_vpc.mainvpc"
          ]
        }
      ]
    },
    {
      "module": "module.AS-Group",
      "mode": "managed",
      "type": "aws_key_pair",
      "name": "app-key",
      "provider": "provider[\"registry.terraform.io/hashicorp/aws\"]",
      "instances": [
        {
          "schema_version": 1,
          "attributes": {
            "arn": "arn:aws:ec2:us-east-1:086618797917:key-pair/app-key",
            "fingerprint": "68:e3:26:5a:c8:e6:2b:0a:66:db:54:f5:79:ea:56:d6",
            "id": "app-key",
            "key_name": "app-key",
            "key_name_prefix": "",
            "key_pair_id": "key-0d75b36646b1ba42a",
            "key_type": "rsa",
            "public_key": "ssh-rsa AAAAB3NzaC1yc2EAAAADAQABAAACAQCp77U+hRXe7GdR84H4m2AbwktRY3qZtEx/VVJbKqL3MFvNBFoEZ4+PR0D2uol/H64fxaBLKnm1DJF0k80KKF/0s72fG2oUoTWlw/o09kS5XnjBXnDUSwSUwS/VQ+aWZNHnJRrtlM6cfwPbnK67DLdxlT+gJkELV2zvnzOPYSha4vZHBWOZ5JWYPAC0nZPsmZq9snNwCn4sWQYhKFwk5Uq/zlZfHGqMMeDv00x9AFhm2s3sIRCHzHVbiMmEn/mflfg4q1yl5iBiM3YX+xuT48RIqi6w6+S766Mnwy5LMUvxh1vdzPPwulLcEQ2s4IiMK2LqRIC9U09NpGAMPoQIVpXPReceUwz1T8ohHSpAa49TbbbM4RYX+bW1zmYJAvekRcx25ariYvTpRb6RHf5SaILMQGXe2HltDED5x5KYF1FoKor7zy0kqdSugE1X6y/hzjrwTxpf3wdJhfoD0Ngp0Z9sxquapA7QfGW73IQ7evnuVmz+/AeYMsfRkMWoVNhP5c8/G4OYC5DyH0nopvUDcTYlAXz4pgpKQFu2PG42BEnwNJoutH2hUwU/oz/DIIVPZqLGfzQGiz+U1CxNwbDl5tuqwrLFPeNswmLoeSM3INNMftPAqIfZNvqPqZ6V6stR1rSlZExV+MEfXTRrY1hRrzOFAkHRYcWy+jKxpTCSF4RM5Q==",
            "tags": {},
            "tags_all": {}
          },
          "sensitive_attributes": [],
          "private": "eyJzY2hlbWFfdmVyc2lvbiI6IjEifQ==",
          "dependencies": [
            "module.AS-Group.tls_private_key.private-key"
          ],
          "create_before_destroy": true
        }
      ]
    },
    {
      "module": "module.AS-Group",
      "mode": "managed",
      "type": "aws_launch_template",
      "name": "app",
      "provider": "provider[\"registry.terraform.io/hashicorp/aws\"]",
      "instances": [
        {
          "schema_version": 0,
          "attributes": {
            "arn": "arn:aws:ec2:us-east-1:086618797917:launch-template/lt-03b95692b4afe2bf1",
            "block_device_mappings": [],
            "capacity_reservation_specification": [],
            "cpu_options": [],
            "credit_specification": [],
            "default_version": 1,
            "description": "",
            "disable_api_stop": false,
            "disable_api_termination": false,
            "ebs_optimized": "",
            "elastic_gpu_specifications": [],
            "elastic_inference_accelerator": [],
            "enclave_options": [],
            "hibernation_options": [],
            "iam_instance_profile": [],
            "id": "lt-03b95692b4afe2bf1",
            "image_id": "ami-0440d3b780d96b29d",
            "instance_initiated_shutdown_behavior": "",
            "instance_market_options": [],
            "instance_requirements": [],
            "instance_type": "t2.micro",
            "kernel_id": "",
            "key_name": "app-key",
            "latest_version": 1,
            "license_specification": [],
            "maintenance_options": [],
            "metadata_options": [],
            "monitoring": [],
            "name": "APP-INSTANCE-20240303010659546600000003",
            "name_prefix": "APP-INSTANCE-",
            "network_interfaces": [],
            "placement": [],
            "private_dns_name_options": [],
            "ram_disk_id": "",
            "security_group_names": [],
            "tag_specifications": [],
            "tags": {
              "name": "launch template"
            },
            "tags_all": {
              "name": "launch template"
            },
            "update_default_version": null,
            "user_data": "",
            "vpc_security_group_ids": [
              "sg-0c6da7a1f43363ad8"
            ]
          },
          "sensitive_attributes": [],
          "private": "bnVsbA==",
          "dependencies": [
            "module.AS-Group.aws_key_pair.app-key",
            "module.AS-Group.aws_security_group.app-SG",
            "module.AS-Group.tls_private_key.private-key",
            "module.Network.aws_vpc.mainvpc"
          ],
          "create_before_destroy": true
        }
      ]
    },
    {
      "module": "module.AS-Group",
      "mode": "managed",
      "type": "aws_lb",
      "name": "app-lb",
      "provider": "provider[\"registry.terraform.io/hashicorp/aws\"]",
      "instances": [
        {
          "schema_version": 0,
          "attributes": {
            "access_logs": [
              {
                "bucket": "",
                "enabled": false,
                "prefix": ""
              }
            ],
            "arn": "arn:aws:elasticloadbalancing:us-east-1:086618797917:loadbalancer/app/app-lb/6427b75b0b9fe524",
            "arn_suffix": "app/app-lb/6427b75b0b9fe524",
            "connection_logs": [
              {
                "bucket": "",
                "enabled": false,
                "prefix": ""
              }
            ],
            "customer_owned_ipv4_pool": "",
            "desync_mitigation_mode": "defensive",
            "dns_name": "app-lb-1699809837.us-east-1.elb.amazonaws.com",
            "dns_record_client_routing_policy": null,
            "drop_invalid_header_fields": false,
            "enable_cross_zone_load_balancing": true,
            "enable_deletion_protection": false,
            "enable_http2": true,
            "enable_tls_version_and_cipher_suite_headers": false,
            "enable_waf_fail_open": false,
            "enable_xff_client_port": false,
            "enforce_security_group_inbound_rules_on_private_link_traffic": "",
            "id": "arn:aws:elasticloadbalancing:us-east-1:086618797917:loadbalancer/app/app-lb/6427b75b0b9fe524",
            "idle_timeout": 60,
            "internal": false,
            "ip_address_type": "ipv4",
            "load_balancer_type": "application",
            "name": "app-lb",
            "name_prefix": "",
            "preserve_host_header": false,
            "security_groups": [
              "sg-073f623ac5e9a4630"
            ],
            "subnet_mapping": [
              {
                "allocation_id": "",
                "ipv6_address": "",
                "outpost_id": "",
                "private_ipv4_address": "",
                "subnet_id": "subnet-000e66f2058322ab8"
              },
              {
                "allocation_id": "",
                "ipv6_address": "",
                "outpost_id": "",
                "private_ipv4_address": "",
                "subnet_id": "subnet-05b701275fa4a390c"
              },
              {
                "allocation_id": "",
                "ipv6_address": "",
                "outpost_id": "",
                "private_ipv4_address": "",
                "subnet_id": "subnet-0935ea98d1c9916fc"
              },
              {
                "allocation_id": "",
                "ipv6_address": "",
                "outpost_id": "",
                "private_ipv4_address": "",
                "subnet_id": "subnet-0e61e674f7e02e174"
              }
            ],
            "subnets": [
              "subnet-000e66f2058322ab8",
              "subnet-05b701275fa4a390c",
              "subnet-0935ea98d1c9916fc",
              "subnet-0e61e674f7e02e174"
            ],
            "tags": {
              "name": "app-lb"
            },
            "tags_all": {
              "name": "app-lb"
            },
            "timeouts": null,
            "vpc_id": "vpc-0d4bfc55917198329",
            "xff_header_processing_mode": "append",
            "zone_id": "Z35SXDOTRQ7X7K"
          },
          "sensitive_attributes": [],
          "private": "eyJlMmJmYjczMC1lY2FhLTExZTYtOGY4OC0zNDM2M2JjN2M0YzAiOnsiY3JlYXRlIjo2MDAwMDAwMDAwMDAsImRlbGV0ZSI6NjAwMDAwMDAwMDAwLCJ1cGRhdGUiOjYwMDAwMDAwMDAwMH19",
          "dependencies": [
            "module.Network.aws_subnet.publicSNs",
            "module.Network.aws_vpc.mainvpc"
          ]
        }
      ]
    },
    {
      "module": "module.AS-Group",
      "mode": "managed",
      "type": "aws_lb_listener",
      "name": "lb-listener",
      "provider": "provider[\"registry.terraform.io/hashicorp/aws\"]",
      "instances": [
        {
          "schema_version": 0,
          "attributes": {
            "alpn_policy": null,
            "arn": "arn:aws:elasticloadbalancing:us-east-1:086618797917:listener/app/app-lb/6427b75b0b9fe524/2148a30463164034",
            "certificate_arn": null,
            "default_action": [
              {
                "authenticate_cognito": [],
                "authenticate_oidc": [],
                "fixed_response": [],
                "forward": [],
                "order": 1,
                "redirect": [],
                "target_group_arn": "arn:aws:elasticloadbalancing:us-east-1:086618797917:targetgroup/app-tg/fc2292a27223f5f9",
                "type": "forward"
              }
            ],
            "id": "arn:aws:elasticloadbalancing:us-east-1:086618797917:listener/app/app-lb/6427b75b0b9fe524/2148a30463164034",
            "load_balancer_arn": "arn:aws:elasticloadbalancing:us-east-1:086618797917:loadbalancer/app/app-lb/6427b75b0b9fe524",
            "mutual_authentication": [],
            "port": 80,
            "protocol": "HTTP",
            "ssl_policy": "",
            "tags": {},
            "tags_all": {},
            "timeouts": null
          },
          "sensitive_attributes": [],
          "private": "eyJlMmJmYjczMC1lY2FhLTExZTYtOGY4OC0zNDM2M2JjN2M0YzAiOnsiY3JlYXRlIjozMDAwMDAwMDAwMDAsInVwZGF0ZSI6MzAwMDAwMDAwMDAwfX0=",
          "dependencies": [
            "module.AS-Group.aws_lb.app-lb",
            "module.AS-Group.aws_lb_target_group.app-tg",
            "module.Network.aws_subnet.publicSNs",
            "module.Network.aws_vpc.mainvpc"
          ]
        }
      ]
    },
    {
      "module": "module.AS-Group",
      "mode": "managed",
      "type": "aws_lb_target_group",
      "name": "app-tg",
      "provider": "provider[\"registry.terraform.io/hashicorp/aws\"]",
      "instances": [
        {
          "schema_version": 0,
          "attributes": {
            "arn": "arn:aws:elasticloadbalancing:us-east-1:086618797917:targetgroup/app-tg/fc2292a27223f5f9",
            "arn_suffix": "targetgroup/app-tg/fc2292a27223f5f9",
            "connection_termination": null,
            "deregistration_delay": "300",
            "health_check": [
              {
                "enabled": true,
                "healthy_threshold": 5,
                "interval": 30,
                "matcher": "200",
                "path": "/",
                "port": "traffic-port",
                "protocol": "HTTP",
                "timeout": 5,
                "unhealthy_threshold": 2
              }
            ],
            "id": "arn:aws:elasticloadbalancing:us-east-1:086618797917:targetgroup/app-tg/fc2292a27223f5f9",
            "ip_address_type": "ipv4",
            "lambda_multi_value_headers_enabled": false,
            "load_balancer_arns": [
              "arn:aws:elasticloadbalancing:us-east-1:086618797917:loadbalancer/app/app-lb/6427b75b0b9fe524"
            ],
            "load_balancing_algorithm_type": "round_robin",
            "load_balancing_anomaly_mitigation": "off",
            "load_balancing_cross_zone_enabled": "use_load_balancer_configuration",
            "name": "app-tg",
            "name_prefix": "",
            "port": 80,
            "preserve_client_ip": null,
            "protocol": "HTTP",
            "protocol_version": "HTTP1",
            "proxy_protocol_v2": false,
            "slow_start": 0,
            "stickiness": [
              {
                "cookie_duration": 86400,
                "cookie_name": "",
                "enabled": false,
                "type": "lb_cookie"
              }
            ],
            "tags": {},
            "tags_all": {},
            "target_failover": [
              {
                "on_deregistration": null,
                "on_unhealthy": null
              }
            ],
            "target_health_state": [
              {
                "enable_unhealthy_connection_termination": null
              }
            ],
            "target_type": "ip",
            "vpc_id": "vpc-0d4bfc55917198329"
          },
          "sensitive_attributes": [],
          "private": "bnVsbA==",
          "dependencies": [
            "module.Network.aws_vpc.mainvpc"
          ]
        }
      ]
    },
    {
      "module": "module.AS-Group",
      "mode": "managed",
      "type": "aws_security_group",
      "name": "app-SG",
      "provider": "provider[\"registry.terraform.io/hashicorp/aws\"]",
      "instances": [
        {
          "schema_version": 1,
          "attributes": {
            "arn": "arn:aws:ec2:us-east-1:086618797917:security-group/sg-0c6da7a1f43363ad8",
            "description": "Managed by Terraform",
            "egress": [
              {
                "cidr_blocks": [
                  "0.0.0.0/0"
                ],
                "description": "",
                "from_port": 0,
                "ipv6_cidr_blocks": [],
                "prefix_list_ids": [],
                "protocol": "-1",
                "security_groups": [],
                "self": false,
                "to_port": 0
              }
            ],
            "id": "sg-0c6da7a1f43363ad8",
            "ingress": [
              {
                "cidr_blocks": [
                  "0.0.0.0/0"
                ],
                "description": "",
                "from_port": 1,
                "ipv6_cidr_blocks": [],
                "prefix_list_ids": [],
                "protocol": "tcp",
                "security_groups": [],
                "self": false,
                "to_port": 1024
              }
            ],
            "name": "app-SG",
            "name_prefix": "",
            "owner_id": "086618797917",
            "revoke_rules_on_delete": false,
            "tags": {},
            "tags_all": {},
            "timeouts": null,
            "vpc_id": "vpc-0d4bfc55917198329"
          },
          "sensitive_attributes": [],
          "private": "eyJlMmJmYjczMC1lY2FhLTExZTYtOGY4OC0zNDM2M2JjN2M0YzAiOnsiY3JlYXRlIjo2MDAwMDAwMDAwMDAsImRlbGV0ZSI6OTAwMDAwMDAwMDAwfSwic2NoZW1hX3ZlcnNpb24iOiIxIn0=",
          "dependencies": [
            "module.Network.aws_vpc.mainvpc"
          ],
          "create_before_destroy": true
        }
      ]
    },
    {
      "module": "module.AS-Group",
      "mode": "managed",
      "type": "local_file",
      "name": "private-key-file",
      "provider": "provider[\"registry.terraform.io/hashicorp/local\"]",
      "instances": [
        {
          "schema_version": 0,
          "attributes": {
            "content": "-----BEGIN RSA PRIVATE KEY-----\nMIIJJwIBAAKCAgEAqe+1PoUV3uxnUfOB+JtgG8JLUWN6mbRMf1VSWyqi9zBbzQRa\nBGePj0dA9rqJfx+uH8WgSyp5tQyRdJPNCihf9LO9nxtqFKE1pcP6NPZEuV54wV5w\n1EsElMEv1UPmlmTR5yUa7ZTOnH8D25yuuwy3cZU/oCZBC1ds758zj2EoWuL2RwVj\nmeSVmDwAtJ2T7JmavbJzcAp+LFkGIShcJOVKv85WXxxqjDHg79NMfQBYZtrN7CEQ\nh8x1W4jJhJ/5n5X4OKtcpeYgYjN2F/sbk+PESKousOvku+ujJ8MuSzFL8Ydb3czz\n8LpS3BENrOCIjCti6kSAvVNPTaRgDD6ECFaVz0XnHlMM9U/KIR0qQGuPU222zOEW\nF/m1tc5mCQL3pEXMduWq4mL06UW+kR3+UmiCzEBl3th5bQxA+ceSmBdRaCqK+88t\nJKnUroBNV+sv4c468E8aX98HSYX6A9DYKdGfbMarmqQO0Hxlu9yEO3r57lZs/vwH\nmDLH0ZDFqFTYT+XPPxuDmAuQ8h9J6Kb1A3E2JQF8+KYKSkBbtjxuNgRJ8DSaLrR9\noVMFP6M/wyCFT2aixn80Bos/lNQsTcGw5ebbqsKyxT3jbMJi6HkjNyDTTH7TwKiH\n2Tb6j6melerLUda0pWRMVfjBH100a2NYUa8zhQJB0WHFsvoysaUwkheETOUCAwEA\nAQKCAgA7OpsXMVeQHSFdxNuWBMGYqz2JHn0KuXa4IsrTj6bBNQ+qA0xEoLu+mn0g\nAaAOuMH9vOnDiQhme/zuft1GHxBiv4rlu65bhlymbAn3D6agXTcFXp9AvuzX1AWR\n9VqXLIikYaBjEix5CyQTFScpdqMxaW2Fqg+dnlkPo5Na8+gW1Wg1FMHET5F8P92X\nFh0Kp/bxCxOFB4M2fcjPIbwL+Ab3lzkvaT4RowjdTe4o20f0gWqoVFXonvCAeMqT\n+RYN8z1SsxdVk0HSOFF+xjy0bPxqvzYK4A0XGmgBYdvuxT3M7vqr8dVMIATlQuRb\nTt8Iy85sDHg6hKDtVM9NNTTbmyIXTHucNoC4yd0+yIH3zPuCnFcod/8pD/Uw58Sj\nbDKER4eWxrFBW446SERZi8WZyR3T1rI6Toq0qKTHi/qGkg/xMFlMKU9UmpfXh8x+\nQo0ITtX4tUxo7EQGLOZM3pQ0QGB++WWLxGCKgKiRYa1WO4Bu0IWFP6JlsyuWqpcL\nDbx4V6lhboR1dHBIXWxPJPCrj68sDuJCMvfS04ZzBeT7aQL3iixIeqGiLZEGNIhL\nmd3VvQQjj8YuDoq8L5lJs51sdGCik8HZSBazbb7rPglGYtVK5oMElr0/PzgLq0bI\n0e4i6fQVmIdf45g6fXL2inWYq862Xmoa3D4obOZ9rz9sjyt4wQKCAQEAw7hOVptW\nybUEVLLoNPUZ1sQBK6KaZsYNmlKCqVfx4r41NqOTJIiMZarQKr4m0PXkJK3tdiYw\nlgsCkyTKU6gsAET9+gfwNyTCTXNfmKKnVfvrBEkPJKamxEzSN3DdREg5uGzZ87ZL\nOtLLCdpdUAl8PGKhAyLydDspvUrnK36ifcbuJlmW6vXK3xQSRkAgNWG72D9ANhi6\nDSNO7wVmlXWdj/nO6g403n4nTiju7MyJ8BlrFxTTnUoqHJLMCyaUu4aEHv/t66S3\nuze2S5024jgW688veIc4CBNct1yCsEhBMIxvFJ7LkVsyzLzokrs8f3boOA89O4mA\nJflzqVYSrU/SCQKCAQEA3kZ5h+BKDtuFfFCEw2uVjzfHkk8N9TjxpWkuVwv6RVXH\naFTufgTUlmR4wCeE1wLdhcjsECnSjxM+LyNhXAgO6AJ4594PpMeGK5a5jJd2XRlB\nuxp/UikFA01If1Kwwyw3C/P2taHaILOqe3vw2jGI7oeOfMk91XzgmdTu9/+GIlNN\n19jAOfAS/bhlxiLIMoqw9IpMw9eWNu1JBBzgZqqJDbWSQj3JwTfFffffXOG6Snhn\nqyrmwXqNi86SCxlSshnUnn5bNgCfmCqf40eX4TrImHFyNoEtzwrw1IIuNUGU8MPS\nMxxJqLD30fga5/flIr45b0FV93djgI+lEpeXb9pq/QKCAQB9djkphXx14sb68JCv\n2eqNZKoHab2mYhE4OuotWgXhvuJnuyXIxouRZJT6wVgqnWV5KdFN6p88n6Qv5Oaa\nB/Tk21UfoVUYVEUF1w6RzrqMAOgfoCHH8dh3f3NGPOBqNA5kLcrtUo8ZDyU+lK86\nbkoof2UNmKppXb+c61YS6KOLEyl4hfebeKJqq/gm9lZvQc5jifBEfUdOwrKHwCOJ\nbZLqR02fdinn8mCJ1u2J+Hf35KNkcWJRssgZ9vQ7taikKU+qe47tfnKU3drKz+Xt\nz9zJns+kaLG/Y4IMvI2+KSM41t0iD8UY0ahX3EUOQl4+q1+jCAnNj5AJR8Yf5+Aj\nH0bZAoIBABafOZM4opDsiqNiVoDFHE2dMbSUUylYCE/7ann1gB06Y7ccncE5oKFF\nzHxSCVUQt5b8IfprJ0Dkhnmpsij5sPqv9bozgYgVvnQFPREwAR3siiIOylKEVjxF\ny1EaC19xypBu3fcSZ+7YGkvDC3pJfFQ6e6f7m011Di7Z2xBmczJfJBcJularNmOY\nNtN5isKKFwRsZu+vq1wfvkSq47PPO2+nwSD4xOXjVThC1/rOBnW512M2VJHwdSN7\nfKWgiCgUNO2EkqfmXFfSTr+E89I6d1v8f9FISG8//87BCQ7mg9AVPflxsZV3nWFD\nTQm60xk8HwBRt/wdrITTGcvQndsGcckCggEAPmZLegef9JU5/MkuURm1pLFx3Asq\nJh+9Skl4oQL9+obC7I/IPYOX7fr0pm2I7Y8N01r3oPUPXEQz89Y3FJ5xY5HyXcAP\n5UMPA2xhrOC/dVw+YlAZZs+kS9WHOMXN2FLX1695/pAIpe3ZuVCSopFpPNy0d16G\nPDgtbPPYxzDDWbQEnBqXm3NcorhdVz54MXkWKXXy/fWdydDk5gK285vBM9pXGC31\nHky4IAGaQ60Q7d4KDIxRB3oEd/TbqV1EOXELPFS6gdg6EbawpuytkYdhAlL7ryg6\nBYataEACETuLx2hLYIDfabX7ZFAiNtgkuO9cLxlVntbkrrP9mKXrw82uxQ==\n-----END RSA PRIVATE KEY-----\n",
            "content_base64": null,
            "content_base64sha256": "oT40GhBezI0qCOS6d1gy9M7P8U0sXjjMOjEfMY1EAEE=",
            "content_base64sha512": "mBF2mfqpv6FxlGsXEzqVU926dv3SlZ4h09nyee+WbUhbmNiXRGg/kkIt4hIV6qXcBKeQcit/C9ugaTcQCO5NSQ==",
            "content_md5": "2a3ccb3d231f62770578777af3882631",
            "content_sha1": "1599babbd051590a64be610bd5691e4a0c5139f7",
            "content_sha256": "a13e341a105ecc8d2a08e4ba775832f4cecff14d2c5e38cc3a311f318d440041",
            "content_sha512": "98117699faa9bfa171946b17133a9553ddba76fdd2959e21d3d9f279ef966d485b98d89744683f92422de21215eaa5dc04a790722b7f0bdba069371008ee4d49",
            "directory_permission": "0777",
            "file_permission": "0777",
            "filename": "AS-Group/app-key.pem",
            "id": "1599babbd051590a64be610bd5691e4a0c5139f7",
            "sensitive_content": null,
            "source": null
          },
          "sensitive_attributes": [
            [
              {
                "type": "get_attr",
                "value": "content"
              }
            ]
          ],
          "dependencies": [
            "module.AS-Group.aws_key_pair.app-key",
            "module.AS-Group.tls_private_key.private-key"
          ]
        }
      ]
    },
    {
      "module": "module.AS-Group",
      "mode": "managed",
      "type": "tls_private_key",
      "name": "private-key",
      "provider": "provider[\"registry.terraform.io/hashicorp/tls\"]",
      "instances": [
        {
          "schema_version": 1,
          "attributes": {
            "algorithm": "RSA",
            "ecdsa_curve": "P224",
            "id": "71b386e01fc288ea925e4ce8efde7164049e974d",
            "private_key_openssh": "-----BEGIN OPENSSH PRIVATE KEY-----\nb3BlbnNzaC1rZXktdjEAAAAABG5vbmUAAAAEbm9uZQAAAAAAAAABAAACFwAAAAdz\nc2gtcnNhAAAAAwEAAQAAAgEAqe+1PoUV3uxnUfOB+JtgG8JLUWN6mbRMf1VSWyqi\n9zBbzQRaBGePj0dA9rqJfx+uH8WgSyp5tQyRdJPNCihf9LO9nxtqFKE1pcP6NPZE\nuV54wV5w1EsElMEv1UPmlmTR5yUa7ZTOnH8D25yuuwy3cZU/oCZBC1ds758zj2Eo\nWuL2RwVjmeSVmDwAtJ2T7JmavbJzcAp+LFkGIShcJOVKv85WXxxqjDHg79NMfQBY\nZtrN7CEQh8x1W4jJhJ/5n5X4OKtcpeYgYjN2F/sbk+PESKousOvku+ujJ8MuSzFL\n8Ydb3czz8LpS3BENrOCIjCti6kSAvVNPTaRgDD6ECFaVz0XnHlMM9U/KIR0qQGuP\nU222zOEWF/m1tc5mCQL3pEXMduWq4mL06UW+kR3+UmiCzEBl3th5bQxA+ceSmBdR\naCqK+88tJKnUroBNV+sv4c468E8aX98HSYX6A9DYKdGfbMarmqQO0Hxlu9yEO3r5\n7lZs/vwHmDLH0ZDFqFTYT+XPPxuDmAuQ8h9J6Kb1A3E2JQF8+KYKSkBbtjxuNgRJ\n8DSaLrR9oVMFP6M/wyCFT2aixn80Bos/lNQsTcGw5ebbqsKyxT3jbMJi6HkjNyDT\nTH7TwKiH2Tb6j6melerLUda0pWRMVfjBH100a2NYUa8zhQJB0WHFsvoysaUwkheE\nTOUAAAc43aDiCt2g4goAAAAHc3NoLXJzYQAAAgEAqe+1PoUV3uxnUfOB+JtgG8JL\nUWN6mbRMf1VSWyqi9zBbzQRaBGePj0dA9rqJfx+uH8WgSyp5tQyRdJPNCihf9LO9\nnxtqFKE1pcP6NPZEuV54wV5w1EsElMEv1UPmlmTR5yUa7ZTOnH8D25yuuwy3cZU/\noCZBC1ds758zj2EoWuL2RwVjmeSVmDwAtJ2T7JmavbJzcAp+LFkGIShcJOVKv85W\nXxxqjDHg79NMfQBYZtrN7CEQh8x1W4jJhJ/5n5X4OKtcpeYgYjN2F/sbk+PESKou\nsOvku+ujJ8MuSzFL8Ydb3czz8LpS3BENrOCIjCti6kSAvVNPTaRgDD6ECFaVz0Xn\nHlMM9U/KIR0qQGuPU222zOEWF/m1tc5mCQL3pEXMduWq4mL06UW+kR3+UmiCzEBl\n3th5bQxA+ceSmBdRaCqK+88tJKnUroBNV+sv4c468E8aX98HSYX6A9DYKdGfbMar\nmqQO0Hxlu9yEO3r57lZs/vwHmDLH0ZDFqFTYT+XPPxuDmAuQ8h9J6Kb1A3E2JQF8\n+KYKSkBbtjxuNgRJ8DSaLrR9oVMFP6M/wyCFT2aixn80Bos/lNQsTcGw5ebbqsKy\nxT3jbMJi6HkjNyDTTH7TwKiH2Tb6j6melerLUda0pWRMVfjBH100a2NYUa8zhQJB\n0WHFsvoysaUwkheETOUAAAADAQABAAACADs6mxcxV5AdIV3E25YEwZirPYkefQq5\ndrgiytOPpsE1D6oDTESgu76afSABoA64wf286cOJCGZ7/O5+3UYfEGK/iuW7rluG\nXKZsCfcPpqBdNwVen0C+7NfUBZH1WpcsiKRhoGMSLHkLJBMVJyl2ozFpbYWqD52e\nWQ+jk1rz6BbVaDUUwcRPkXw/3ZcWHQqn9vELE4UHgzZ9yM8hvAv4BveXOS9pPhGj\nCN1N7ijbR/SBaqhUVeie8IB4ypP5Fg3zPVKzF1WTQdI4UX7GPLRs/Gq/NgrgDRca\naAFh2+7FPczu+qvx1UwgBOVC5FtO3wjLzmwMeDqEoO1Uz001NNubIhdMe5w2gLjJ\n3T7IgffM+4KcVyh3/ykP9TDnxKNsMoRHh5bGsUFbjjpIRFmLxZnJHdPWsjpOirSo\npMeL+oaSD/EwWUwpT1Sal9eHzH5CjQhO1fi1TGjsRAYs5kzelDRAYH75ZYvEYIqA\nqJFhrVY7gG7QhYU/omWzK5aqlwsNvHhXqWFuhHV0cEhdbE8k8KuPrywO4kIy99LT\nhnMF5PtpAveKLEh6oaItkQY0iEuZ3dW9BCOPxi4OirwvmUmznWx0YKKTwdlIFrNt\nvus+CUZi1UrmgwSWvT8/OAurRsjR7iLp9BWYh1/jmDp9cvaKdZirzrZeahrcPihs\n5n2vP2yPK3jBAAABAD5mS3oHn/SVOfzJLlEZtaSxcdwLKiYfvUpJeKEC/fqGwuyP\nyD2Dl+369KZtiO2PDdNa96D1D1xEM/PWNxSecWOR8l3AD+VDDwNsYazgv3VcPmJQ\nGWbPpEvVhzjFzdhS19evef6QCKXt2blQkqKRaTzctHdehjw4LWzz2Mcww1m0BJwa\nl5tzXKK4XVc+eDF5Fil18v31ncnQ5OYCtvObwTPaVxgt9R5MuCABmkOtEO3eCgyM\nUQd6BHf026ldRDlxCzxUuoHYOhG2sKbsrZGHYQJS+68oOgWGrWhAAhE7i8doS2CA\n32m1+2RQIjbYJLjvXC8ZVZ7W5K6z/Zil68PNrsUAAAEBAMO4TlabVsm1BFSy6DT1\nGdbEASuimmbGDZpSgqlX8eK+NTajkySIjGWq0Cq+JtD15CSt7XYmMJYLApMkylOo\nLABE/foH8Dckwk1zX5iip1X76wRJDySmpsRM0jdw3URIObhs2fO2SzrSywnaXVAJ\nfDxioQMi8nQ7Kb1K5yt+on3G7iZZlur1yt8UEkZAIDVhu9g/QDYYug0jTu8FZpV1\nnY/5zuoONN5+J04o7uzMifAZaxcU051KKhySzAsmlLuGhB7/7eukt7s3tkudNuI4\nFuvPL3iHOAgTXLdcgrBIQTCMbxSey5FbMsy86JK7PH926DgPPTuJgCX5c6lWEq1P\n0gkAAAEBAN5GeYfgSg7bhXxQhMNrlY83x5JPDfU48aVpLlcL+kVVx2hU7n4E1JZk\neMAnhNcC3YXI7BAp0o8TPi8jYVwIDugCeOfeD6THhiuWuYyXdl0ZQbsaf1IpBQNN\nSH9SsMMsNwvz9rWh2iCzqnt78NoxiO6HjnzJPdV84JnU7vf/hiJTTdfYwDnwEv24\nZcYiyDKKsPSKTMPXljbtSQQc4GaqiQ21kkI9ycE3xX3331zhukp4Z6sq5sF6jYvO\nkgsZUrIZ1J5+WzYAn5gqn+NHl+E6yJhxcjaBLc8K8NSCLjVBlPDD0jMcSaiw99H4\nGuf35SK+OW9BVfd3Y4CPpRKXl2/aav0AAAAAAQID\n-----END OPENSSH PRIVATE KEY-----\n",
            "private_key_pem": "-----BEGIN RSA PRIVATE KEY-----\nMIIJJwIBAAKCAgEAqe+1PoUV3uxnUfOB+JtgG8JLUWN6mbRMf1VSWyqi9zBbzQRa\nBGePj0dA9rqJfx+uH8WgSyp5tQyRdJPNCihf9LO9nxtqFKE1pcP6NPZEuV54wV5w\n1EsElMEv1UPmlmTR5yUa7ZTOnH8D25yuuwy3cZU/oCZBC1ds758zj2EoWuL2RwVj\nmeSVmDwAtJ2T7JmavbJzcAp+LFkGIShcJOVKv85WXxxqjDHg79NMfQBYZtrN7CEQ\nh8x1W4jJhJ/5n5X4OKtcpeYgYjN2F/sbk+PESKousOvku+ujJ8MuSzFL8Ydb3czz\n8LpS3BENrOCIjCti6kSAvVNPTaRgDD6ECFaVz0XnHlMM9U/KIR0qQGuPU222zOEW\nF/m1tc5mCQL3pEXMduWq4mL06UW+kR3+UmiCzEBl3th5bQxA+ceSmBdRaCqK+88t\nJKnUroBNV+sv4c468E8aX98HSYX6A9DYKdGfbMarmqQO0Hxlu9yEO3r57lZs/vwH\nmDLH0ZDFqFTYT+XPPxuDmAuQ8h9J6Kb1A3E2JQF8+KYKSkBbtjxuNgRJ8DSaLrR9\noVMFP6M/wyCFT2aixn80Bos/lNQsTcGw5ebbqsKyxT3jbMJi6HkjNyDTTH7TwKiH\n2Tb6j6melerLUda0pWRMVfjBH100a2NYUa8zhQJB0WHFsvoysaUwkheETOUCAwEA\nAQKCAgA7OpsXMVeQHSFdxNuWBMGYqz2JHn0KuXa4IsrTj6bBNQ+qA0xEoLu+mn0g\nAaAOuMH9vOnDiQhme/zuft1GHxBiv4rlu65bhlymbAn3D6agXTcFXp9AvuzX1AWR\n9VqXLIikYaBjEix5CyQTFScpdqMxaW2Fqg+dnlkPo5Na8+gW1Wg1FMHET5F8P92X\nFh0Kp/bxCxOFB4M2fcjPIbwL+Ab3lzkvaT4RowjdTe4o20f0gWqoVFXonvCAeMqT\n+RYN8z1SsxdVk0HSOFF+xjy0bPxqvzYK4A0XGmgBYdvuxT3M7vqr8dVMIATlQuRb\nTt8Iy85sDHg6hKDtVM9NNTTbmyIXTHucNoC4yd0+yIH3zPuCnFcod/8pD/Uw58Sj\nbDKER4eWxrFBW446SERZi8WZyR3T1rI6Toq0qKTHi/qGkg/xMFlMKU9UmpfXh8x+\nQo0ITtX4tUxo7EQGLOZM3pQ0QGB++WWLxGCKgKiRYa1WO4Bu0IWFP6JlsyuWqpcL\nDbx4V6lhboR1dHBIXWxPJPCrj68sDuJCMvfS04ZzBeT7aQL3iixIeqGiLZEGNIhL\nmd3VvQQjj8YuDoq8L5lJs51sdGCik8HZSBazbb7rPglGYtVK5oMElr0/PzgLq0bI\n0e4i6fQVmIdf45g6fXL2inWYq862Xmoa3D4obOZ9rz9sjyt4wQKCAQEAw7hOVptW\nybUEVLLoNPUZ1sQBK6KaZsYNmlKCqVfx4r41NqOTJIiMZarQKr4m0PXkJK3tdiYw\nlgsCkyTKU6gsAET9+gfwNyTCTXNfmKKnVfvrBEkPJKamxEzSN3DdREg5uGzZ87ZL\nOtLLCdpdUAl8PGKhAyLydDspvUrnK36ifcbuJlmW6vXK3xQSRkAgNWG72D9ANhi6\nDSNO7wVmlXWdj/nO6g403n4nTiju7MyJ8BlrFxTTnUoqHJLMCyaUu4aEHv/t66S3\nuze2S5024jgW688veIc4CBNct1yCsEhBMIxvFJ7LkVsyzLzokrs8f3boOA89O4mA\nJflzqVYSrU/SCQKCAQEA3kZ5h+BKDtuFfFCEw2uVjzfHkk8N9TjxpWkuVwv6RVXH\naFTufgTUlmR4wCeE1wLdhcjsECnSjxM+LyNhXAgO6AJ4594PpMeGK5a5jJd2XRlB\nuxp/UikFA01If1Kwwyw3C/P2taHaILOqe3vw2jGI7oeOfMk91XzgmdTu9/+GIlNN\n19jAOfAS/bhlxiLIMoqw9IpMw9eWNu1JBBzgZqqJDbWSQj3JwTfFffffXOG6Snhn\nqyrmwXqNi86SCxlSshnUnn5bNgCfmCqf40eX4TrImHFyNoEtzwrw1IIuNUGU8MPS\nMxxJqLD30fga5/flIr45b0FV93djgI+lEpeXb9pq/QKCAQB9djkphXx14sb68JCv\n2eqNZKoHab2mYhE4OuotWgXhvuJnuyXIxouRZJT6wVgqnWV5KdFN6p88n6Qv5Oaa\nB/Tk21UfoVUYVEUF1w6RzrqMAOgfoCHH8dh3f3NGPOBqNA5kLcrtUo8ZDyU+lK86\nbkoof2UNmKppXb+c61YS6KOLEyl4hfebeKJqq/gm9lZvQc5jifBEfUdOwrKHwCOJ\nbZLqR02fdinn8mCJ1u2J+Hf35KNkcWJRssgZ9vQ7taikKU+qe47tfnKU3drKz+Xt\nz9zJns+kaLG/Y4IMvI2+KSM41t0iD8UY0ahX3EUOQl4+q1+jCAnNj5AJR8Yf5+Aj\nH0bZAoIBABafOZM4opDsiqNiVoDFHE2dMbSUUylYCE/7ann1gB06Y7ccncE5oKFF\nzHxSCVUQt5b8IfprJ0Dkhnmpsij5sPqv9bozgYgVvnQFPREwAR3siiIOylKEVjxF\ny1EaC19xypBu3fcSZ+7YGkvDC3pJfFQ6e6f7m011Di7Z2xBmczJfJBcJularNmOY\nNtN5isKKFwRsZu+vq1wfvkSq47PPO2+nwSD4xOXjVThC1/rOBnW512M2VJHwdSN7\nfKWgiCgUNO2EkqfmXFfSTr+E89I6d1v8f9FISG8//87BCQ7mg9AVPflxsZV3nWFD\nTQm60xk8HwBRt/wdrITTGcvQndsGcckCggEAPmZLegef9JU5/MkuURm1pLFx3Asq\nJh+9Skl4oQL9+obC7I/IPYOX7fr0pm2I7Y8N01r3oPUPXEQz89Y3FJ5xY5HyXcAP\n5UMPA2xhrOC/dVw+YlAZZs+kS9WHOMXN2FLX1695/pAIpe3ZuVCSopFpPNy0d16G\nPDgtbPPYxzDDWbQEnBqXm3NcorhdVz54MXkWKXXy/fWdydDk5gK285vBM9pXGC31\nHky4IAGaQ60Q7d4KDIxRB3oEd/TbqV1EOXELPFS6gdg6EbawpuytkYdhAlL7ryg6\nBYataEACETuLx2hLYIDfabX7ZFAiNtgkuO9cLxlVntbkrrP9mKXrw82uxQ==\n-----END RSA PRIVATE KEY-----\n",
            "private_key_pem_pkcs8": "-----BEGIN PRIVATE KEY-----\nMIIJQQIBADANBgkqhkiG9w0BAQEFAASCCSswggknAgEAAoICAQCp77U+hRXe7GdR\n84H4m2AbwktRY3qZtEx/VVJbKqL3MFvNBFoEZ4+PR0D2uol/H64fxaBLKnm1DJF0\nk80KKF/0s72fG2oUoTWlw/o09kS5XnjBXnDUSwSUwS/VQ+aWZNHnJRrtlM6cfwPb\nnK67DLdxlT+gJkELV2zvnzOPYSha4vZHBWOZ5JWYPAC0nZPsmZq9snNwCn4sWQYh\nKFwk5Uq/zlZfHGqMMeDv00x9AFhm2s3sIRCHzHVbiMmEn/mflfg4q1yl5iBiM3YX\n+xuT48RIqi6w6+S766Mnwy5LMUvxh1vdzPPwulLcEQ2s4IiMK2LqRIC9U09NpGAM\nPoQIVpXPReceUwz1T8ohHSpAa49TbbbM4RYX+bW1zmYJAvekRcx25ariYvTpRb6R\nHf5SaILMQGXe2HltDED5x5KYF1FoKor7zy0kqdSugE1X6y/hzjrwTxpf3wdJhfoD\n0Ngp0Z9sxquapA7QfGW73IQ7evnuVmz+/AeYMsfRkMWoVNhP5c8/G4OYC5DyH0no\npvUDcTYlAXz4pgpKQFu2PG42BEnwNJoutH2hUwU/oz/DIIVPZqLGfzQGiz+U1CxN\nwbDl5tuqwrLFPeNswmLoeSM3INNMftPAqIfZNvqPqZ6V6stR1rSlZExV+MEfXTRr\nY1hRrzOFAkHRYcWy+jKxpTCSF4RM5QIDAQABAoICADs6mxcxV5AdIV3E25YEwZir\nPYkefQq5drgiytOPpsE1D6oDTESgu76afSABoA64wf286cOJCGZ7/O5+3UYfEGK/\niuW7rluGXKZsCfcPpqBdNwVen0C+7NfUBZH1WpcsiKRhoGMSLHkLJBMVJyl2ozFp\nbYWqD52eWQ+jk1rz6BbVaDUUwcRPkXw/3ZcWHQqn9vELE4UHgzZ9yM8hvAv4BveX\nOS9pPhGjCN1N7ijbR/SBaqhUVeie8IB4ypP5Fg3zPVKzF1WTQdI4UX7GPLRs/Gq/\nNgrgDRcaaAFh2+7FPczu+qvx1UwgBOVC5FtO3wjLzmwMeDqEoO1Uz001NNubIhdM\ne5w2gLjJ3T7IgffM+4KcVyh3/ykP9TDnxKNsMoRHh5bGsUFbjjpIRFmLxZnJHdPW\nsjpOirSopMeL+oaSD/EwWUwpT1Sal9eHzH5CjQhO1fi1TGjsRAYs5kzelDRAYH75\nZYvEYIqAqJFhrVY7gG7QhYU/omWzK5aqlwsNvHhXqWFuhHV0cEhdbE8k8KuPrywO\n4kIy99LThnMF5PtpAveKLEh6oaItkQY0iEuZ3dW9BCOPxi4OirwvmUmznWx0YKKT\nwdlIFrNtvus+CUZi1UrmgwSWvT8/OAurRsjR7iLp9BWYh1/jmDp9cvaKdZirzrZe\nahrcPihs5n2vP2yPK3jBAoIBAQDDuE5Wm1bJtQRUsug09RnWxAEroppmxg2aUoKp\nV/HivjU2o5MkiIxlqtAqvibQ9eQkre12JjCWCwKTJMpTqCwARP36B/A3JMJNc1+Y\noqdV++sESQ8kpqbETNI3cN1ESDm4bNnztks60ssJ2l1QCXw8YqEDIvJ0Oym9Sucr\nfqJ9xu4mWZbq9crfFBJGQCA1YbvYP0A2GLoNI07vBWaVdZ2P+c7qDjTefidOKO7s\nzInwGWsXFNOdSiockswLJpS7hoQe/+3rpLe7N7ZLnTbiOBbrzy94hzgIE1y3XIKw\nSEEwjG8UnsuRWzLMvOiSuzx/dug4Dz07iYAl+XOpVhKtT9IJAoIBAQDeRnmH4EoO\n24V8UITDa5WPN8eSTw31OPGlaS5XC/pFVcdoVO5+BNSWZHjAJ4TXAt2FyOwQKdKP\nEz4vI2FcCA7oAnjn3g+kx4YrlrmMl3ZdGUG7Gn9SKQUDTUh/UrDDLDcL8/a1odog\ns6p7e/DaMYjuh458yT3VfOCZ1O73/4YiU03X2MA58BL9uGXGIsgyirD0ikzD15Y2\n7UkEHOBmqokNtZJCPcnBN8V9999c4bpKeGerKubBeo2LzpILGVKyGdSefls2AJ+Y\nKp/jR5fhOsiYcXI2gS3PCvDUgi41QZTww9IzHEmosPfR+Brn9+UivjlvQVX3d2OA\nj6USl5dv2mr9AoIBAH12OSmFfHXixvrwkK/Z6o1kqgdpvaZiETg66i1aBeG+4me7\nJcjGi5FklPrBWCqdZXkp0U3qnzyfpC/k5poH9OTbVR+hVRhURQXXDpHOuowA6B+g\nIcfx2Hd/c0Y84Go0DmQtyu1SjxkPJT6UrzpuSih/ZQ2Yqmldv5zrVhLoo4sTKXiF\n95t4omqr+Cb2Vm9BzmOJ8ER9R07CsofAI4ltkupHTZ92KefyYInW7Yn4d/fko2Rx\nYlGyyBn29Du1qKQpT6p7ju1+cpTd2srP5e3P3Mmez6Rosb9jggy8jb4pIzjW3SIP\nxRjRqFfcRQ5CXj6rX6MICc2PkAlHxh/n4CMfRtkCggEAFp85kziikOyKo2JWgMUc\nTZ0xtJRTKVgIT/tqefWAHTpjtxydwTmgoUXMfFIJVRC3lvwh+msnQOSGeamyKPmw\n+q/1ujOBiBW+dAU9ETABHeyKIg7KUoRWPEXLURoLX3HKkG7d9xJn7tgaS8MLekl8\nVDp7p/ubTXUOLtnbEGZzMl8kFwm6Vqs2Y5g203mKwooXBGxm76+rXB++RKrjs887\nb6fBIPjE5eNVOELX+s4GdbnXYzZUkfB1I3t8paCIKBQ07YSSp+ZcV9JOv4Tz0jp3\nW/x/0UhIbz//zsEJDuaD0BU9+XGxlXedYUNNCbrTGTwfAFG3/B2shNMZy9Cd2wZx\nyQKCAQA+Zkt6B5/0lTn8yS5RGbWksXHcCyomH71KSXihAv36hsLsj8g9g5ft+vSm\nbYjtjw3TWveg9Q9cRDPz1jcUnnFjkfJdwA/lQw8DbGGs4L91XD5iUBlmz6RL1Yc4\nxc3YUtfXr3n+kAil7dm5UJKikWk83LR3XoY8OC1s89jHMMNZtAScGpebc1yiuF1X\nPngxeRYpdfL99Z3J0OTmArbzm8Ez2lcYLfUeTLggAZpDrRDt3goMjFEHegR39Nup\nXUQ5cQs8VLqB2DoRtrCm7K2Rh2ECUvuvKDoFhq1oQAIRO4vHaEtggN9ptftkUCI2\n2CS471wvGVWe1uSus/2YpevDza7F\n-----END PRIVATE KEY-----\n",
            "public_key_fingerprint_md5": "9b:68:6f:9f:16:02:b9:cd:d0:7d:78:a9:2c:cc:17:6c",
            "public_key_fingerprint_sha256": "SHA256:9ZohfH6bb3N1s06cXALd3iGJzchx5bKQCtDIvPGJ+/o",
            "public_key_openssh": "ssh-rsa AAAAB3NzaC1yc2EAAAADAQABAAACAQCp77U+hRXe7GdR84H4m2AbwktRY3qZtEx/VVJbKqL3MFvNBFoEZ4+PR0D2uol/H64fxaBLKnm1DJF0k80KKF/0s72fG2oUoTWlw/o09kS5XnjBXnDUSwSUwS/VQ+aWZNHnJRrtlM6cfwPbnK67DLdxlT+gJkELV2zvnzOPYSha4vZHBWOZ5JWYPAC0nZPsmZq9snNwCn4sWQYhKFwk5Uq/zlZfHGqMMeDv00x9AFhm2s3sIRCHzHVbiMmEn/mflfg4q1yl5iBiM3YX+xuT48RIqi6w6+S766Mnwy5LMUvxh1vdzPPwulLcEQ2s4IiMK2LqRIC9U09NpGAMPoQIVpXPReceUwz1T8ohHSpAa49TbbbM4RYX+bW1zmYJAvekRcx25ariYvTpRb6RHf5SaILMQGXe2HltDED5x5KYF1FoKor7zy0kqdSugE1X6y/hzjrwTxpf3wdJhfoD0Ngp0Z9sxquapA7QfGW73IQ7evnuVmz+/AeYMsfRkMWoVNhP5c8/G4OYC5DyH0nopvUDcTYlAXz4pgpKQFu2PG42BEnwNJoutH2hUwU/oz/DIIVPZqLGfzQGiz+U1CxNwbDl5tuqwrLFPeNswmLoeSM3INNMftPAqIfZNvqPqZ6V6stR1rSlZExV+MEfXTRrY1hRrzOFAkHRYcWy+jKxpTCSF4RM5Q==\n",
            "public_key_pem": "-----BEGIN PUBLIC KEY-----\nMIICIjANBgkqhkiG9w0BAQEFAAOCAg8AMIICCgKCAgEAqe+1PoUV3uxnUfOB+Jtg\nG8JLUWN6mbRMf1VSWyqi9zBbzQRaBGePj0dA9rqJfx+uH8WgSyp5tQyRdJPNCihf\n9LO9nxtqFKE1pcP6NPZEuV54wV5w1EsElMEv1UPmlmTR5yUa7ZTOnH8D25yuuwy3\ncZU/oCZBC1ds758zj2EoWuL2RwVjmeSVmDwAtJ2T7JmavbJzcAp+LFkGIShcJOVK\nv85WXxxqjDHg79NMfQBYZtrN7CEQh8x1W4jJhJ/5n5X4OKtcpeYgYjN2F/sbk+PE\nSKousOvku+ujJ8MuSzFL8Ydb3czz8LpS3BENrOCIjCti6kSAvVNPTaRgDD6ECFaV\nz0XnHlMM9U/KIR0qQGuPU222zOEWF/m1tc5mCQL3pEXMduWq4mL06UW+kR3+UmiC\nzEBl3th5bQxA+ceSmBdRaCqK+88tJKnUroBNV+sv4c468E8aX98HSYX6A9DYKdGf\nbMarmqQO0Hxlu9yEO3r57lZs/vwHmDLH0ZDFqFTYT+XPPxuDmAuQ8h9J6Kb1A3E2\nJQF8+KYKSkBbtjxuNgRJ8DSaLrR9oVMFP6M/wyCFT2aixn80Bos/lNQsTcGw5ebb\nqsKyxT3jbMJi6HkjNyDTTH7TwKiH2Tb6j6melerLUda0pWRMVfjBH100a2NYUa8z\nhQJB0WHFsvoysaUwkheETOUCAwEAAQ==\n-----END PUBLIC KEY-----\n",
            "rsa_bits": 4096
          },
          "sensitive_attributes": [],
          "create_before_destroy": true
        }
      ]
    },
    {
      "module": "module.Network",
      "mode": "managed",
      "type": "aws_internet_gateway",
      "name": "iGW",
      "provider": "provider[\"registry.terraform.io/hashicorp/aws\"]",
      "instances": [
        {
          "schema_version": 0,
          "attributes": {
            "arn": "arn:aws:ec2:us-east-1:086618797917:internet-gateway/igw-0f0beba3f4a22636e",
            "id": "igw-0f0beba3f4a22636e",
            "owner_id": "086618797917",
            "tags": {
              "name": "App-Gateway"
            },
            "tags_all": {
              "name": "App-Gateway"
            },
            "timeouts": null,
            "vpc_id": "vpc-0d4bfc55917198329"
          },
          "sensitive_attributes": [],
          "private": "eyJlMmJmYjczMC1lY2FhLTExZTYtOGY4OC0zNDM2M2JjN2M0YzAiOnsiY3JlYXRlIjoxMjAwMDAwMDAwMDAwLCJkZWxldGUiOjEyMDAwMDAwMDAwMDAsInVwZGF0ZSI6MTIwMDAwMDAwMDAwMH19",
          "dependencies": [
            "module.Network.aws_vpc.mainvpc"
          ]
        }
      ]
    },
    {
      "module": "module.Network",
      "mode": "managed",
      "type": "aws_route_table",
      "name": "private-RT",
      "provider": "provider[\"registry.terraform.io/hashicorp/aws\"]",
      "instances": [
        {
          "schema_version": 0,
          "attributes": {
            "arn": "arn:aws:ec2:us-east-1:086618797917:route-table/rtb-00929632d547ee4d7",
            "id": "rtb-00929632d547ee4d7",
            "owner_id": "086618797917",
            "propagating_vgws": [],
            "route": [
              {
                "carrier_gateway_id": "",
                "cidr_block": "172.31.0.0/16",
                "core_network_arn": "",
                "destination_prefix_list_id": "",
                "egress_only_gateway_id": "",
                "gateway_id": "local",
                "ipv6_cidr_block": "",
                "local_gateway_id": "",
                "nat_gateway_id": "",
                "network_interface_id": "",
                "transit_gateway_id": "",
                "vpc_endpoint_id": "",
                "vpc_peering_connection_id": ""
              }
            ],
            "tags": {},
            "tags_all": {},
            "timeouts": null,
            "vpc_id": "vpc-0d4bfc55917198329"
          },
          "sensitive_attributes": [],
          "private": "eyJlMmJmYjczMC1lY2FhLTExZTYtOGY4OC0zNDM2M2JjN2M0YzAiOnsiY3JlYXRlIjozMDAwMDAwMDAwMDAsImRlbGV0ZSI6MzAwMDAwMDAwMDAwLCJ1cGRhdGUiOjEyMDAwMDAwMDAwMH19",
          "dependencies": [
            "module.Network.aws_vpc.mainvpc"
          ]
        }
      ]
    },
    {
      "module": "module.Network",
      "mode": "managed",
      "type": "aws_route_table",
      "name": "public-RT",
      "provider": "provider[\"registry.terraform.io/hashicorp/aws\"]",
      "instances": [
        {
          "schema_version": 0,
          "attributes": {
            "arn": "arn:aws:ec2:us-east-1:086618797917:route-table/rtb-0f4108e3dfaf22ed3",
            "id": "rtb-0f4108e3dfaf22ed3",
            "owner_id": "086618797917",
            "propagating_vgws": [],
            "route": [
              {
                "carrier_gateway_id": "",
                "cidr_block": "0.0.0.0/0",
                "core_network_arn": "",
                "destination_prefix_list_id": "",
                "egress_only_gateway_id": "",
                "gateway_id": "igw-0f0beba3f4a22636e",
                "ipv6_cidr_block": "",
                "local_gateway_id": "",
                "nat_gateway_id": "",
                "network_interface_id": "",
                "transit_gateway_id": "",
                "vpc_endpoint_id": "",
                "vpc_peering_connection_id": ""
              },
              {
                "carrier_gateway_id": "",
                "cidr_block": "172.31.0.0/16",
                "core_network_arn": "",
                "destination_prefix_list_id": "",
                "egress_only_gateway_id": "",
                "gateway_id": "local",
                "ipv6_cidr_block": "",
                "local_gateway_id": "",
                "nat_gateway_id": "",
                "network_interface_id": "",
                "transit_gateway_id": "",
                "vpc_endpoint_id": "",
                "vpc_peering_connection_id": ""
              }
            ],
            "tags": {},
            "tags_all": {},
            "timeouts": null,
            "vpc_id": "vpc-0d4bfc55917198329"
          },
          "sensitive_attributes": [],
          "private": "eyJlMmJmYjczMC1lY2FhLTExZTYtOGY4OC0zNDM2M2JjN2M0YzAiOnsiY3JlYXRlIjozMDAwMDAwMDAwMDAsImRlbGV0ZSI6MzAwMDAwMDAwMDAwLCJ1cGRhdGUiOjEyMDAwMDAwMDAwMH19",
          "dependencies": [
            "module.Network.aws_internet_gateway.iGW",
            "module.Network.aws_vpc.mainvpc"
          ]
        }
      ]
    },
    {
      "module": "module.Network",
      "mode": "managed",
      "type": "aws_route_table_association",
      "name": "private-network",
      "provider": "provider[\"registry.terraform.io/hashicorp/aws\"]",
      "instances": [
        {
          "index_key": 0,
          "schema_version": 0,
          "attributes": {
            "gateway_id": "",
            "id": "rtbassoc-00f9277ddecf82ee4",
            "route_table_id": "rtb-00929632d547ee4d7",
            "subnet_id": "subnet-05e246b929065d013",
            "timeouts": null
          },
          "sensitive_attributes": [],
          "private": "eyJlMmJmYjczMC1lY2FhLTExZTYtOGY4OC0zNDM2M2JjN2M0YzAiOnsiY3JlYXRlIjozMDAwMDAwMDAwMDAsImRlbGV0ZSI6MzAwMDAwMDAwMDAwLCJ1cGRhdGUiOjEyMDAwMDAwMDAwMH19",
          "dependencies": [
            "module.Network.aws_route_table.private-RT",
            "module.Network.aws_subnet.PrivateSNs",
            "module.Network.aws_vpc.mainvpc"
          ]
        },
        {
          "index_key": 1,
          "schema_version": 0,
          "attributes": {
            "gateway_id": "",
            "id": "rtbassoc-03aadaf1cc1c15c78",
            "route_table_id": "rtb-00929632d547ee4d7",
            "subnet_id": "subnet-0fddbbc0396b55dbe",
            "timeouts": null
          },
          "sensitive_attributes": [],
          "private": "eyJlMmJmYjczMC1lY2FhLTExZTYtOGY4OC0zNDM2M2JjN2M0YzAiOnsiY3JlYXRlIjozMDAwMDAwMDAwMDAsImRlbGV0ZSI6MzAwMDAwMDAwMDAwLCJ1cGRhdGUiOjEyMDAwMDAwMDAwMH19",
          "dependencies": [
            "module.Network.aws_route_table.private-RT",
            "module.Network.aws_subnet.PrivateSNs",
            "module.Network.aws_vpc.mainvpc"
          ]
        }
      ]
    },
    {
      "module": "module.Network",
      "mode": "managed",
      "type": "aws_route_table_association",
      "name": "public-network",
      "provider": "provider[\"registry.terraform.io/hashicorp/aws\"]",
      "instances": [
        {
          "index_key": 0,
          "schema_version": 0,
          "attributes": {
            "gateway_id": "",
            "id": "rtbassoc-0f402de4cede59fdb",
            "route_table_id": "rtb-0f4108e3dfaf22ed3",
            "subnet_id": "subnet-0e61e674f7e02e174",
            "timeouts": null
          },
          "sensitive_attributes": [],
          "private": "eyJlMmJmYjczMC1lY2FhLTExZTYtOGY4OC0zNDM2M2JjN2M0YzAiOnsiY3JlYXRlIjozMDAwMDAwMDAwMDAsImRlbGV0ZSI6MzAwMDAwMDAwMDAwLCJ1cGRhdGUiOjEyMDAwMDAwMDAwMH19",
          "dependencies": [
            "module.Network.aws_internet_gateway.iGW",
            "module.Network.aws_route_table.public-RT",
            "module.Network.aws_subnet.publicSNs",
            "module.Network.aws_vpc.mainvpc"
          ]
        },
        {
          "index_key": 1,
          "schema_version": 0,
          "attributes": {
            "gateway_id": "",
            "id": "rtbassoc-000dfe4fff1708abe",
            "route_table_id": "rtb-0f4108e3dfaf22ed3",
            "subnet_id": "subnet-000e66f2058322ab8",
            "timeouts": null
          },
          "sensitive_attributes": [],
          "private": "eyJlMmJmYjczMC1lY2FhLTExZTYtOGY4OC0zNDM2M2JjN2M0YzAiOnsiY3JlYXRlIjozMDAwMDAwMDAwMDAsImRlbGV0ZSI6MzAwMDAwMDAwMDAwLCJ1cGRhdGUiOjEyMDAwMDAwMDAwMH19",
          "dependencies": [
            "module.Network.aws_internet_gateway.iGW",
            "module.Network.aws_route_table.public-RT",
            "module.Network.aws_subnet.publicSNs",
            "module.Network.aws_vpc.mainvpc"
          ]
        },
        {
          "index_key": 2,
          "schema_version": 0,
          "attributes": {
            "gateway_id": "",
            "id": "rtbassoc-0dd5a05a332a0ddd2",
            "route_table_id": "rtb-0f4108e3dfaf22ed3",
            "subnet_id": "subnet-05b701275fa4a390c",
            "timeouts": null
          },
          "sensitive_attributes": [],
          "private": "eyJlMmJmYjczMC1lY2FhLTExZTYtOGY4OC0zNDM2M2JjN2M0YzAiOnsiY3JlYXRlIjozMDAwMDAwMDAwMDAsImRlbGV0ZSI6MzAwMDAwMDAwMDAwLCJ1cGRhdGUiOjEyMDAwMDAwMDAwMH19",
          "dependencies": [
            "module.Network.aws_internet_gateway.iGW",
            "module.Network.aws_route_table.public-RT",
            "module.Network.aws_subnet.publicSNs",
            "module.Network.aws_vpc.mainvpc"
          ]
        },
        {
          "index_key": 3,
          "schema_version": 0,
          "attributes": {
            "gateway_id": "",
            "id": "rtbassoc-0bfafbe8fcbb4cae7",
            "route_table_id": "rtb-0f4108e3dfaf22ed3",
            "subnet_id": "subnet-0935ea98d1c9916fc",
            "timeouts": null
          },
          "sensitive_attributes": [],
          "private": "eyJlMmJmYjczMC1lY2FhLTExZTYtOGY4OC0zNDM2M2JjN2M0YzAiOnsiY3JlYXRlIjozMDAwMDAwMDAwMDAsImRlbGV0ZSI6MzAwMDAwMDAwMDAwLCJ1cGRhdGUiOjEyMDAwMDAwMDAwMH19",
          "dependencies": [
            "module.Network.aws_internet_gateway.iGW",
            "module.Network.aws_route_table.public-RT",
            "module.Network.aws_subnet.publicSNs",
            "module.Network.aws_vpc.mainvpc"
          ]
        }
      ]
    },
    {
      "module": "module.Network",
      "mode": "managed",
      "type": "aws_subnet",
      "name": "PrivateSNs",
      "provider": "provider[\"registry.terraform.io/hashicorp/aws\"]",
      "instances": [
        {
          "index_key": 0,
          "schema_version": 1,
          "attributes": {
            "arn": "arn:aws:ec2:us-east-1:086618797917:subnet/subnet-05e246b929065d013",
            "assign_ipv6_address_on_creation": false,
            "availability_zone": "us-east-1e",
            "availability_zone_id": "use1-az3",
            "cidr_block": "172.31.64.0/20",
            "customer_owned_ipv4_pool": "",
            "enable_dns64": false,
            "enable_lni_at_device_index": 0,
            "enable_resource_name_dns_a_record_on_launch": false,
            "enable_resource_name_dns_aaaa_record_on_launch": false,
            "id": "subnet-05e246b929065d013",
            "ipv6_cidr_block": "",
            "ipv6_cidr_block_association_id": "",
            "ipv6_native": false,
            "map_customer_owned_ip_on_launch": false,
            "map_public_ip_on_launch": false,
            "outpost_arn": "",
            "owner_id": "086618797917",
            "private_dns_hostname_type_on_launch": "ip-name",
            "tags": {
              "name": "PrivateSN-1"
            },
            "tags_all": {
              "name": "PrivateSN-1"
            },
            "timeouts": null,
            "vpc_id": "vpc-0d4bfc55917198329"
          },
          "sensitive_attributes": [],
          "private": "eyJlMmJmYjczMC1lY2FhLTExZTYtOGY4OC0zNDM2M2JjN2M0YzAiOnsiY3JlYXRlIjo2MDAwMDAwMDAwMDAsImRlbGV0ZSI6MTIwMDAwMDAwMDAwMH0sInNjaGVtYV92ZXJzaW9uIjoiMSJ9",
          "dependencies": [
            "module.Network.aws_vpc.mainvpc"
          ]
        },
        {
          "index_key": 1,
          "schema_version": 1,
          "attributes": {
            "arn": "arn:aws:ec2:us-east-1:086618797917:subnet/subnet-0fddbbc0396b55dbe",
            "assign_ipv6_address_on_creation": false,
            "availability_zone": "us-east-1f",
            "availability_zone_id": "use1-az5",
            "cidr_block": "172.31.80.0/20",
            "customer_owned_ipv4_pool": "",
            "enable_dns64": false,
            "enable_lni_at_device_index": 0,
            "enable_resource_name_dns_a_record_on_launch": false,
            "enable_resource_name_dns_aaaa_record_on_launch": false,
            "id": "subnet-0fddbbc0396b55dbe",
            "ipv6_cidr_block": "",
            "ipv6_cidr_block_association_id": "",
            "ipv6_native": false,
            "map_customer_owned_ip_on_launch": false,
            "map_public_ip_on_launch": false,
            "outpost_arn": "",
            "owner_id": "086618797917",
            "private_dns_hostname_type_on_launch": "ip-name",
            "tags": {
              "name": "PrivateSN-2"
            },
            "tags_all": {
              "name": "PrivateSN-2"
            },
            "timeouts": null,
            "vpc_id": "vpc-0d4bfc55917198329"
          },
          "sensitive_attributes": [],
          "private": "eyJlMmJmYjczMC1lY2FhLTExZTYtOGY4OC0zNDM2M2JjN2M0YzAiOnsiY3JlYXRlIjo2MDAwMDAwMDAwMDAsImRlbGV0ZSI6MTIwMDAwMDAwMDAwMH0sInNjaGVtYV92ZXJzaW9uIjoiMSJ9",
          "dependencies": [
            "module.Network.aws_vpc.mainvpc"
          ]
        }
      ]
    },
    {
      "module": "module.Network",
      "mode": "managed",
      "type": "aws_subnet",
      "name": "publicSNs",
      "provider": "provider[\"registry.terraform.io/hashicorp/aws\"]",
      "instances": [
        {
          "index_key": 0,
          "schema_version": 1,
          "attributes": {
            "arn": "arn:aws:ec2:us-east-1:086618797917:subnet/subnet-0e61e674f7e02e174",
            "assign_ipv6_address_on_creation": false,
            "availability_zone": "us-east-1a",
            "availability_zone_id": "use1-az6",
            "cidr_block": "172.31.0.0/20",
            "customer_owned_ipv4_pool": "",
            "enable_dns64": false,
            "enable_lni_at_device_index": 0,
            "enable_resource_name_dns_a_record_on_launch": false,
            "enable_resource_name_dns_aaaa_record_on_launch": false,
            "id": "subnet-0e61e674f7e02e174",
            "ipv6_cidr_block": "",
            "ipv6_cidr_block_association_id": "",
            "ipv6_native": false,
            "map_customer_owned_ip_on_launch": false,
            "map_public_ip_on_launch": true,
            "outpost_arn": "",
            "owner_id": "086618797917",
            "private_dns_hostname_type_on_launch": "ip-name",
            "tags": {
              "name": "PublicSN-1"
            },
            "tags_all": {
              "name": "PublicSN-1"
            },
            "timeouts": null,
            "vpc_id": "vpc-0d4bfc55917198329"
          },
          "sensitive_attributes": [],
          "private": "eyJlMmJmYjczMC1lY2FhLTExZTYtOGY4OC0zNDM2M2JjN2M0YzAiOnsiY3JlYXRlIjo2MDAwMDAwMDAwMDAsImRlbGV0ZSI6MTIwMDAwMDAwMDAwMH0sInNjaGVtYV92ZXJzaW9uIjoiMSJ9",
          "dependencies": [
            "module.Network.aws_vpc.mainvpc"
          ]
        },
        {
          "index_key": 1,
          "schema_version": 1,
          "attributes": {
            "arn": "arn:aws:ec2:us-east-1:086618797917:subnet/subnet-000e66f2058322ab8",
            "assign_ipv6_address_on_creation": false,
            "availability_zone": "us-east-1b",
            "availability_zone_id": "use1-az1",
            "cidr_block": "172.31.16.0/20",
            "customer_owned_ipv4_pool": "",
            "enable_dns64": false,
            "enable_lni_at_device_index": 0,
            "enable_resource_name_dns_a_record_on_launch": false,
            "enable_resource_name_dns_aaaa_record_on_launch": false,
            "id": "subnet-000e66f2058322ab8",
            "ipv6_cidr_block": "",
            "ipv6_cidr_block_association_id": "",
            "ipv6_native": false,
            "map_customer_owned_ip_on_launch": false,
            "map_public_ip_on_launch": true,
            "outpost_arn": "",
            "owner_id": "086618797917",
            "private_dns_hostname_type_on_launch": "ip-name",
            "tags": {
              "name": "PublicSN-2"
            },
            "tags_all": {
              "name": "PublicSN-2"
            },
            "timeouts": null,
            "vpc_id": "vpc-0d4bfc55917198329"
          },
          "sensitive_attributes": [],
          "private": "eyJlMmJmYjczMC1lY2FhLTExZTYtOGY4OC0zNDM2M2JjN2M0YzAiOnsiY3JlYXRlIjo2MDAwMDAwMDAwMDAsImRlbGV0ZSI6MTIwMDAwMDAwMDAwMH0sInNjaGVtYV92ZXJzaW9uIjoiMSJ9",
          "dependencies": [
            "module.Network.aws_vpc.mainvpc"
          ]
        },
        {
          "index_key": 2,
          "schema_version": 1,
          "attributes": {
            "arn": "arn:aws:ec2:us-east-1:086618797917:subnet/subnet-05b701275fa4a390c",
            "assign_ipv6_address_on_creation": false,
            "availability_zone": "us-east-1c",
            "availability_zone_id": "use1-az2",
            "cidr_block": "172.31.32.0/20",
            "customer_owned_ipv4_pool": "",
            "enable_dns64": false,
            "enable_lni_at_device_index": 0,
            "enable_resource_name_dns_a_record_on_launch": false,
            "enable_resource_name_dns_aaaa_record_on_launch": false,
            "id": "subnet-05b701275fa4a390c",
            "ipv6_cidr_block": "",
            "ipv6_cidr_block_association_id": "",
            "ipv6_native": false,
            "map_customer_owned_ip_on_launch": false,
            "map_public_ip_on_launch": true,
            "outpost_arn": "",
            "owner_id": "086618797917",
            "private_dns_hostname_type_on_launch": "ip-name",
            "tags": {
              "name": "PublicSN-3"
            },
            "tags_all": {
              "name": "PublicSN-3"
            },
            "timeouts": null,
            "vpc_id": "vpc-0d4bfc55917198329"
          },
          "sensitive_attributes": [],
          "private": "eyJlMmJmYjczMC1lY2FhLTExZTYtOGY4OC0zNDM2M2JjN2M0YzAiOnsiY3JlYXRlIjo2MDAwMDAwMDAwMDAsImRlbGV0ZSI6MTIwMDAwMDAwMDAwMH0sInNjaGVtYV92ZXJzaW9uIjoiMSJ9",
          "dependencies": [
            "module.Network.aws_vpc.mainvpc"
          ]
        },
        {
          "index_key": 3,
          "schema_version": 1,
          "attributes": {
            "arn": "arn:aws:ec2:us-east-1:086618797917:subnet/subnet-0935ea98d1c9916fc",
            "assign_ipv6_address_on_creation": false,
            "availability_zone": "us-east-1d",
            "availability_zone_id": "use1-az4",
            "cidr_block": "172.31.48.0/20",
            "customer_owned_ipv4_pool": "",
            "enable_dns64": false,
            "enable_lni_at_device_index": 0,
            "enable_resource_name_dns_a_record_on_launch": false,
            "enable_resource_name_dns_aaaa_record_on_launch": false,
            "id": "subnet-0935ea98d1c9916fc",
            "ipv6_cidr_block": "",
            "ipv6_cidr_block_association_id": "",
            "ipv6_native": false,
            "map_customer_owned_ip_on_launch": false,
            "map_public_ip_on_launch": true,
            "outpost_arn": "",
            "owner_id": "086618797917",
            "private_dns_hostname_type_on_launch": "ip-name",
            "tags": {
              "name": "PublicSN-4"
            },
            "tags_all": {
              "name": "PublicSN-4"
            },
            "timeouts": null,
            "vpc_id": "vpc-0d4bfc55917198329"
          },
          "sensitive_attributes": [],
          "private": "eyJlMmJmYjczMC1lY2FhLTExZTYtOGY4OC0zNDM2M2JjN2M0YzAiOnsiY3JlYXRlIjo2MDAwMDAwMDAwMDAsImRlbGV0ZSI6MTIwMDAwMDAwMDAwMH0sInNjaGVtYV92ZXJzaW9uIjoiMSJ9",
          "dependencies": [
            "module.Network.aws_vpc.mainvpc"
          ]
        }
      ]
    },
    {
      "module": "module.Network",
      "mode": "managed",
      "type": "aws_vpc",
      "name": "mainvpc",
      "provider": "provider[\"registry.terraform.io/hashicorp/aws\"]",
      "instances": [
        {
          "schema_version": 1,
          "attributes": {
            "arn": "arn:aws:ec2:us-east-1:086618797917:vpc/vpc-0d4bfc55917198329",
            "assign_generated_ipv6_cidr_block": false,
            "cidr_block": "172.31.0.0/16",
            "default_network_acl_id": "acl-0b615a5ed0287bdcf",
            "default_route_table_id": "rtb-06095896ea586f9c7",
            "default_security_group_id": "sg-073f623ac5e9a4630",
            "dhcp_options_id": "dopt-0c44779f2781a9bc0",
            "enable_dns_hostnames": true,
            "enable_dns_support": true,
            "enable_network_address_usage_metrics": false,
            "id": "vpc-0d4bfc55917198329",
            "instance_tenancy": "default",
            "ipv4_ipam_pool_id": null,
            "ipv4_netmask_length": null,
            "ipv6_association_id": "",
            "ipv6_cidr_block": "",
            "ipv6_cidr_block_network_border_group": "",
            "ipv6_ipam_pool_id": "",
            "ipv6_netmask_length": 0,
            "main_route_table_id": "rtb-06095896ea586f9c7",
            "owner_id": "086618797917",
            "tags": {
              "name": "mainvpc"
            },
            "tags_all": {
              "name": "mainvpc"
            }
          },
          "sensitive_attributes": [],
          "private": "eyJzY2hlbWFfdmVyc2lvbiI6IjEifQ==",
          "create_before_destroy": true
        }
      ]
    }
  ],
  "check_results": null
}
