{
  "version": 4,
  "terraform_version": "1.7.2",
  "serial": 420,
  "lineage": "66638afc-484c-6556-223b-9a62fa58b125",
  "outputs": {},
  "resources": [
    {
      "module": "module.AS-Group",
      "mode": "managed",
      "type": "aws_autoscaling_group",
      "name": "AS-group",
      "provider": "provider[\"registry.terraform.io/hashicorp/aws\"]",
      "instances": [
        {
          "schema_version": 1,
          "attributes": {
            "arn": "arn:aws:autoscaling:us-east-1:730335304178:autoScalingGroup:1769cefd-e232-4bb1-bf9f-2d92a3a9b45f:autoScalingGroupName/terraform-20240304235707187800000005",
            "availability_zones": [
              "us-east-1a",
              "us-east-1b",
              "us-east-1c",
              "us-east-1d"
            ],
            "capacity_rebalance": false,
            "context": "",
            "default_cooldown": 300,
            "default_instance_warmup": 0,
            "desired_capacity": 2,
            "desired_capacity_type": "",
            "enabled_metrics": null,
            "force_delete": false,
            "force_delete_warm_pool": false,
            "health_check_grace_period": 300,
            "health_check_type": "EC2",
            "id": "terraform-20240304235707187800000005",
            "ignore_failed_scaling_activities": false,
            "initial_lifecycle_hook": [],
            "instance_maintenance_policy": [],
            "instance_refresh": [],
            "launch_configuration": "",
            "launch_template": [
              {
                "id": "lt-093e96f5d08bb1f52",
                "name": "APP-INSTANCE-20240304235658586300000003",
                "version": "$Latest"
              }
            ],
            "load_balancers": [],
            "max_instance_lifetime": 0,
            "max_size": 4,
            "metrics_granularity": "1Minute",
            "min_elb_capacity": null,
            "min_size": 2,
            "mixed_instances_policy": [],
            "name": "terraform-20240304235707187800000005",
            "name_prefix": "terraform-",
            "placement_group": "",
            "predicted_capacity": 0,
            "protect_from_scale_in": false,
            "service_linked_role_arn": "arn:aws:iam::730335304178:role/aws-service-role/autoscaling.amazonaws.com/AWSServiceRoleForAutoScaling",
            "suspended_processes": null,
            "tag": [],
            "target_group_arns": [],
            "termination_policies": null,
            "timeouts": null,
            "traffic_source": [],
            "vpc_zone_identifier": [
              "subnet-04606698d0109673c",
              "subnet-0644afdcaae67ce5f",
              "subnet-06dbd2d597c5816bf",
              "subnet-0a91cc2b40f5e0dd2"
            ],
            "wait_for_capacity_timeout": "10m",
            "wait_for_elb_capacity": null,
            "warm_pool": [],
            "warm_pool_size": 0
          },
          "sensitive_attributes": [],
          "private": "eyJlMmJmYjczMC1lY2FhLTExZTYtOGY4OC0zNDM2M2JjN2M0YzAiOnsiZGVsZXRlIjo2MDAwMDAwMDAwMDAsInVwZGF0ZSI6NjAwMDAwMDAwMDAwfSwic2NoZW1hX3ZlcnNpb24iOiIxIn0=",
          "dependencies": [
            "module.AS-Group.aws_key_pair.app-key",
            "module.AS-Group.aws_launch_template.app",
            "module.AS-Group.aws_security_group.app-SG",
            "module.AS-Group.tls_private_key.private-key",
            "module.Network.aws_subnet.publicSNs",
            "module.Network.aws_vpc.mainvpc"
          ]
        }
      ]
    },
    {
      "module": "module.AS-Group",
      "mode": "managed",
      "type": "aws_autoscaling_policy",
      "name": "scale-down",
      "provider": "provider[\"registry.terraform.io/hashicorp/aws\"]",
      "instances": [
        {
          "schema_version": 0,
          "attributes": {
            "adjustment_type": "ChangeInCapacity",
            "arn": "arn:aws:autoscaling:us-east-1:730335304178:scalingPolicy:ef52c2c8-b0a7-4acf-b136-556aea2c31fa:autoScalingGroupName/terraform-20240304235707187800000005:policyName/scale-down",
            "autoscaling_group_name": "terraform-20240304235707187800000005",
            "cooldown": 300,
            "enabled": true,
            "estimated_instance_warmup": 0,
            "id": "scale-down",
            "metric_aggregation_type": "",
            "min_adjustment_magnitude": 0,
            "name": "scale-down",
            "policy_type": "SimpleScaling",
            "predictive_scaling_configuration": [],
            "scaling_adjustment": -1,
            "step_adjustment": [],
            "target_tracking_configuration": []
          },
          "sensitive_attributes": [],
          "private": "bnVsbA==",
          "dependencies": [
            "module.AS-Group.aws_autoscaling_group.AS-group",
            "module.AS-Group.aws_key_pair.app-key",
            "module.AS-Group.aws_launch_template.app",
            "module.AS-Group.aws_security_group.app-SG",
            "module.AS-Group.tls_private_key.private-key",
            "module.Network.aws_subnet.publicSNs",
            "module.Network.aws_vpc.mainvpc"
          ]
        }
      ]
    },
    {
      "module": "module.AS-Group",
      "mode": "managed",
      "type": "aws_autoscaling_policy",
      "name": "scale-out",
      "provider": "provider[\"registry.terraform.io/hashicorp/aws\"]",
      "instances": [
        {
          "schema_version": 0,
          "attributes": {
            "adjustment_type": "ChangeInCapacity",
            "arn": "arn:aws:autoscaling:us-east-1:730335304178:scalingPolicy:88887806-6ab9-4897-bf0a-8d5177a19520:autoScalingGroupName/terraform-20240304235707187800000005:policyName/scale-out",
            "autoscaling_group_name": "terraform-20240304235707187800000005",
            "cooldown": 300,
            "enabled": true,
            "estimated_instance_warmup": 0,
            "id": "scale-out",
            "metric_aggregation_type": "",
            "min_adjustment_magnitude": 0,
            "name": "scale-out",
            "policy_type": "SimpleScaling",
            "predictive_scaling_configuration": [],
            "scaling_adjustment": 1,
            "step_adjustment": [],
            "target_tracking_configuration": []
          },
          "sensitive_attributes": [],
          "private": "bnVsbA==",
          "dependencies": [
            "module.AS-Group.aws_autoscaling_group.AS-group",
            "module.AS-Group.aws_key_pair.app-key",
            "module.AS-Group.aws_launch_template.app",
            "module.AS-Group.aws_security_group.app-SG",
            "module.AS-Group.tls_private_key.private-key",
            "module.Network.aws_subnet.publicSNs",
            "module.Network.aws_vpc.mainvpc"
          ]
        }
      ]
    },
    {
      "module": "module.AS-Group",
      "mode": "managed",
      "type": "aws_cloudwatch_metric_alarm",
      "name": "high-cpu-usage",
      "provider": "provider[\"registry.terraform.io/hashicorp/aws\"]",
      "instances": [
        {
          "schema_version": 1,
          "attributes": {
            "actions_enabled": true,
            "alarm_actions": [
              "arn:aws:autoscaling:us-east-1:730335304178:scalingPolicy:88887806-6ab9-4897-bf0a-8d5177a19520:autoScalingGroupName/terraform-20240304235707187800000005:policyName/scale-out"
            ],
            "alarm_description": "This metric sets off an alarm if CPU usage is over 40% for 30 consecutive seconds",
            "alarm_name": "high-cpu-usage",
            "arn": "arn:aws:cloudwatch:us-east-1:730335304178:alarm:high-cpu-usage",
            "comparison_operator": "GreaterThanThreshold",
            "datapoints_to_alarm": 0,
            "dimensions": {
              "AutoScalingGroupName": "terraform-20240304235707187800000005"
            },
            "evaluate_low_sample_count_percentiles": "",
            "evaluation_periods": 1,
            "extended_statistic": "",
            "id": "high-cpu-usage",
            "insufficient_data_actions": null,
            "metric_name": "CPUUtilization",
            "metric_query": [],
            "namespace": "AWS/EC2",
            "ok_actions": null,
            "period": 30,
            "statistic": "Average",
            "tags": null,
            "tags_all": {},
            "threshold": 40,
            "threshold_metric_id": "",
            "treat_missing_data": "missing",
            "unit": ""
          },
          "sensitive_attributes": [],
          "private": "eyJzY2hlbWFfdmVyc2lvbiI6IjEifQ==",
          "dependencies": [
            "module.AS-Group.aws_autoscaling_group.AS-group",
            "module.AS-Group.aws_autoscaling_policy.scale-out",
            "module.AS-Group.aws_key_pair.app-key",
            "module.AS-Group.aws_launch_template.app",
            "module.AS-Group.aws_security_group.app-SG",
            "module.AS-Group.tls_private_key.private-key",
            "module.Network.aws_subnet.publicSNs",
            "module.Network.aws_vpc.mainvpc"
          ]
        }
      ]
    },
    {
      "module": "module.AS-Group",
      "mode": "managed",
      "type": "aws_cloudwatch_metric_alarm",
      "name": "low-cpu-usage",
      "provider": "provider[\"registry.terraform.io/hashicorp/aws\"]",
      "instances": [
        {
          "schema_version": 1,
          "attributes": {
            "actions_enabled": true,
            "alarm_actions": [
              "arn:aws:autoscaling:us-east-1:730335304178:scalingPolicy:ef52c2c8-b0a7-4acf-b136-556aea2c31fa:autoScalingGroupName/terraform-20240304235707187800000005:policyName/scale-down"
            ],
            "alarm_description": "This metric sets off an alarm if CPU usage is over 60% for 120 consecutive seconds",
            "alarm_name": "low-cpu-usage",
            "arn": "arn:aws:cloudwatch:us-east-1:730335304178:alarm:low-cpu-usage",
            "comparison_operator": "LessThanThreshold",
            "datapoints_to_alarm": 0,
            "dimensions": {
              "AutoScalingGroupName": "terraform-20240304235707187800000005"
            },
            "evaluate_low_sample_count_percentiles": "",
            "evaluation_periods": 2,
            "extended_statistic": "",
            "id": "low-cpu-usage",
            "insufficient_data_actions": null,
            "metric_name": "CPUUtilization",
            "metric_query": [],
            "namespace": "AWS/EC2",
            "ok_actions": null,
            "period": 30,
            "statistic": "Average",
            "tags": null,
            "tags_all": {},
            "threshold": 30,
            "threshold_metric_id": "",
            "treat_missing_data": "missing",
            "unit": ""
          },
          "sensitive_attributes": [],
          "private": "eyJzY2hlbWFfdmVyc2lvbiI6IjEifQ==",
          "dependencies": [
            "module.AS-Group.aws_autoscaling_group.AS-group",
            "module.AS-Group.aws_autoscaling_policy.scale-down",
            "module.AS-Group.aws_key_pair.app-key",
            "module.AS-Group.aws_launch_template.app",
            "module.AS-Group.aws_security_group.app-SG",
            "module.AS-Group.tls_private_key.private-key",
            "module.Network.aws_subnet.publicSNs",
            "module.Network.aws_vpc.mainvpc"
          ]
        }
      ]
    },
    {
      "module": "module.AS-Group",
      "mode": "managed",
      "type": "aws_key_pair",
      "name": "app-key",
      "provider": "provider[\"registry.terraform.io/hashicorp/aws\"]",
      "instances": [
        {
          "schema_version": 1,
          "attributes": {
            "arn": "arn:aws:ec2:us-east-1:730335304178:key-pair/app-key",
            "fingerprint": "4a:e9:c5:3c:2c:8b:b2:e7:d1:f4:78:ad:85:02:07:92",
            "id": "app-key",
            "key_name": "app-key",
            "key_name_prefix": "",
            "key_pair_id": "key-08a0b5084a2f611d3",
            "key_type": "rsa",
            "public_key": "ssh-rsa AAAAB3NzaC1yc2EAAAADAQABAAACAQDnSS5CbFuL/eiMj2Swi4RZQ2uqxK7n9ghrNQ60QJUgA34gWwLFTzYZYOUrV1EW/AIQLeb4/RHdeFFg4PAZotrZ7WuzvdrNt9D8CuvZ8olnfSgCVJ/WhW81VrM3q7/jd/6sIxOCwJ4zmyI8RUjMCOQ2W7bgvO3uwC9EC8ex68n6Y7AgBij/l/WSrXAIxtqtBmpmhiyOgTPZaPPeZiHXN9O5p+nBRI1gKbERnU/L0V6zXG+ZqT4xfl5/Z7FylG1Svm/wfBmqiM8l86yMPZf+/DbfCG4Ea7Fnhuk8IK2mAyl5E3UGOtGwU1DIgRBJ5w12ca06LCmTTRLE4385QTi8GrcQArw7MVp3/H/IbyuxRuwPPdtOrzIEbc9d4VFbX79B1+hoAoxVsbGvF+pye83JxII3ZHwj5bVsP53t7yH3V4E50PYuRFt4W9QSZFfY6HLia/V4gse6KqmZBw9fxYE/73JS46SA41wapz5CQb6KsqeEC6axBQRrDsTTpi/1ttqqG+P3WRxnKcWf8ShRYb78Hl1J/n2JyLr3qHrlG4QzkeW1EcJ3x2wp8O2eNwkW4VzRWQFpgyvkfwwou+sm40PAkj90GbCI7RA19UB/CdpPXpmhSl2d4IFdwFDkVu6i2b9FY9NWObKv1NiOdS8DxPOW/vpzpEcoryXiBFT53MyclHLl7w==",
            "tags": null,
            "tags_all": {}
          },
          "sensitive_attributes": [],
          "private": "eyJzY2hlbWFfdmVyc2lvbiI6IjEifQ==",
          "dependencies": [
            "module.AS-Group.tls_private_key.private-key"
          ],
          "create_before_destroy": true
        }
      ]
    },
    {
      "module": "module.AS-Group",
      "mode": "managed",
      "type": "aws_launch_template",
      "name": "app",
      "provider": "provider[\"registry.terraform.io/hashicorp/aws\"]",
      "instances": [
        {
          "schema_version": 0,
          "attributes": {
            "arn": "arn:aws:ec2:us-east-1:730335304178:launch-template/lt-093e96f5d08bb1f52",
            "block_device_mappings": [],
            "capacity_reservation_specification": [],
            "cpu_options": [],
            "credit_specification": [],
            "default_version": 1,
            "description": "",
            "disable_api_stop": false,
            "disable_api_termination": false,
            "ebs_optimized": "",
            "elastic_gpu_specifications": [],
            "elastic_inference_accelerator": [],
            "enclave_options": [],
            "hibernation_options": [],
            "iam_instance_profile": [],
            "id": "lt-093e96f5d08bb1f52",
            "image_id": "ami-0440d3b780d96b29d",
            "instance_initiated_shutdown_behavior": "",
            "instance_market_options": [],
            "instance_requirements": [],
            "instance_type": "t2.micro",
            "kernel_id": "",
            "key_name": "app-key",
            "latest_version": 1,
            "license_specification": [],
            "maintenance_options": [],
            "metadata_options": [],
            "monitoring": [],
            "name": "APP-INSTANCE-20240304235658586300000003",
            "name_prefix": "APP-INSTANCE-",
            "network_interfaces": [],
            "placement": [],
            "private_dns_name_options": [],
            "ram_disk_id": "",
            "security_group_names": null,
            "tag_specifications": [],
            "tags": {
              "name": "launch template"
            },
            "tags_all": {
              "name": "launch template"
            },
            "update_default_version": null,
            "user_data": "",
            "vpc_security_group_ids": [
              "sg-0c7ab3fb64ec698a8"
            ]
          },
          "sensitive_attributes": [],
          "private": "bnVsbA==",
          "dependencies": [
            "module.AS-Group.aws_key_pair.app-key",
            "module.AS-Group.aws_security_group.app-SG",
            "module.AS-Group.tls_private_key.private-key",
            "module.Network.aws_vpc.mainvpc"
          ],
          "create_before_destroy": true
        }
      ]
    },
    {
      "module": "module.AS-Group",
      "mode": "managed",
      "type": "aws_lb",
      "name": "app-lb",
      "provider": "provider[\"registry.terraform.io/hashicorp/aws\"]",
      "instances": [
        {
          "schema_version": 0,
          "attributes": {
            "access_logs": [
              {
                "bucket": "",
                "enabled": false,
                "prefix": ""
              }
            ],
            "arn": "arn:aws:elasticloadbalancing:us-east-1:730335304178:loadbalancer/app/app-lb/eb58899a30e846a2",
            "arn_suffix": "app/app-lb/eb58899a30e846a2",
            "connection_logs": [
              {
                "bucket": "",
                "enabled": false,
                "prefix": ""
              }
            ],
            "customer_owned_ipv4_pool": "",
            "desync_mitigation_mode": "defensive",
            "dns_name": "app-lb-785520024.us-east-1.elb.amazonaws.com",
            "dns_record_client_routing_policy": null,
            "drop_invalid_header_fields": false,
            "enable_cross_zone_load_balancing": true,
            "enable_deletion_protection": false,
            "enable_http2": true,
            "enable_tls_version_and_cipher_suite_headers": false,
            "enable_waf_fail_open": false,
            "enable_xff_client_port": false,
            "enforce_security_group_inbound_rules_on_private_link_traffic": "",
            "id": "arn:aws:elasticloadbalancing:us-east-1:730335304178:loadbalancer/app/app-lb/eb58899a30e846a2",
            "idle_timeout": 60,
            "internal": false,
            "ip_address_type": "ipv4",
            "load_balancer_type": "application",
            "name": "app-lb",
            "name_prefix": "",
            "preserve_host_header": false,
            "security_groups": [
              "sg-0321ed669ed2cd084"
            ],
            "subnet_mapping": [
              {
                "allocation_id": "",
                "ipv6_address": "",
                "outpost_id": "",
                "private_ipv4_address": "",
                "subnet_id": "subnet-04606698d0109673c"
              },
              {
                "allocation_id": "",
                "ipv6_address": "",
                "outpost_id": "",
                "private_ipv4_address": "",
                "subnet_id": "subnet-0644afdcaae67ce5f"
              },
              {
                "allocation_id": "",
                "ipv6_address": "",
                "outpost_id": "",
                "private_ipv4_address": "",
                "subnet_id": "subnet-06dbd2d597c5816bf"
              },
              {
                "allocation_id": "",
                "ipv6_address": "",
                "outpost_id": "",
                "private_ipv4_address": "",
                "subnet_id": "subnet-0a91cc2b40f5e0dd2"
              }
            ],
            "subnets": [
              "subnet-04606698d0109673c",
              "subnet-0644afdcaae67ce5f",
              "subnet-06dbd2d597c5816bf",
              "subnet-0a91cc2b40f5e0dd2"
            ],
            "tags": {
              "name": "app-lb"
            },
            "tags_all": {
              "name": "app-lb"
            },
            "timeouts": null,
            "vpc_id": "vpc-010bfd89a77149352",
            "xff_header_processing_mode": "append",
            "zone_id": "Z35SXDOTRQ7X7K"
          },
          "sensitive_attributes": [],
          "private": "eyJlMmJmYjczMC1lY2FhLTExZTYtOGY4OC0zNDM2M2JjN2M0YzAiOnsiY3JlYXRlIjo2MDAwMDAwMDAwMDAsImRlbGV0ZSI6NjAwMDAwMDAwMDAwLCJ1cGRhdGUiOjYwMDAwMDAwMDAwMH19",
          "dependencies": [
            "module.Network.aws_subnet.publicSNs",
            "module.Network.aws_vpc.mainvpc"
          ]
        }
      ]
    },
    {
      "module": "module.AS-Group",
      "mode": "managed",
      "type": "aws_lb_listener",
      "name": "lb-listener",
      "provider": "provider[\"registry.terraform.io/hashicorp/aws\"]",
      "instances": [
        {
          "schema_version": 0,
          "attributes": {
            "alpn_policy": null,
            "arn": "arn:aws:elasticloadbalancing:us-east-1:730335304178:listener/app/app-lb/eb58899a30e846a2/ff36af411d4969f3",
            "certificate_arn": null,
            "default_action": [
              {
                "authenticate_cognito": [],
                "authenticate_oidc": [],
                "fixed_response": [],
                "forward": [],
                "order": 1,
                "redirect": [],
                "target_group_arn": "arn:aws:elasticloadbalancing:us-east-1:730335304178:targetgroup/app-tg/d04eea36335efc97",
                "type": "forward"
              }
            ],
            "id": "arn:aws:elasticloadbalancing:us-east-1:730335304178:listener/app/app-lb/eb58899a30e846a2/ff36af411d4969f3",
            "load_balancer_arn": "arn:aws:elasticloadbalancing:us-east-1:730335304178:loadbalancer/app/app-lb/eb58899a30e846a2",
            "mutual_authentication": [],
            "port": 80,
            "protocol": "HTTP",
            "ssl_policy": "",
            "tags": null,
            "tags_all": {},
            "timeouts": null
          },
          "sensitive_attributes": [],
          "private": "eyJlMmJmYjczMC1lY2FhLTExZTYtOGY4OC0zNDM2M2JjN2M0YzAiOnsiY3JlYXRlIjozMDAwMDAwMDAwMDAsInVwZGF0ZSI6MzAwMDAwMDAwMDAwfX0=",
          "dependencies": [
            "module.AS-Group.aws_lb.app-lb",
            "module.AS-Group.aws_lb_target_group.app-tg",
            "module.Network.aws_subnet.publicSNs",
            "module.Network.aws_vpc.mainvpc"
          ]
        }
      ]
    },
    {
      "module": "module.AS-Group",
      "mode": "managed",
      "type": "aws_lb_target_group",
      "name": "app-tg",
      "provider": "provider[\"registry.terraform.io/hashicorp/aws\"]",
      "instances": [
        {
          "schema_version": 0,
          "attributes": {
            "arn": "arn:aws:elasticloadbalancing:us-east-1:730335304178:targetgroup/app-tg/d04eea36335efc97",
            "arn_suffix": "targetgroup/app-tg/d04eea36335efc97",
            "connection_termination": null,
            "deregistration_delay": "300",
            "health_check": [
              {
                "enabled": true,
                "healthy_threshold": 5,
                "interval": 30,
                "matcher": "200",
                "path": "/",
                "port": "traffic-port",
                "protocol": "HTTP",
                "timeout": 5,
                "unhealthy_threshold": 2
              }
            ],
            "id": "arn:aws:elasticloadbalancing:us-east-1:730335304178:targetgroup/app-tg/d04eea36335efc97",
            "ip_address_type": "ipv4",
            "lambda_multi_value_headers_enabled": false,
            "load_balancer_arns": [],
            "load_balancing_algorithm_type": "round_robin",
            "load_balancing_anomaly_mitigation": "off",
            "load_balancing_cross_zone_enabled": "use_load_balancer_configuration",
            "name": "app-tg",
            "name_prefix": "",
            "port": 80,
            "preserve_client_ip": null,
            "protocol": "HTTP",
            "protocol_version": "HTTP1",
            "proxy_protocol_v2": false,
            "slow_start": 0,
            "stickiness": [
              {
                "cookie_duration": 86400,
                "cookie_name": "",
                "enabled": false,
                "type": "lb_cookie"
              }
            ],
            "tags": null,
            "tags_all": {},
            "target_failover": [
              {
                "on_deregistration": null,
                "on_unhealthy": null
              }
            ],
            "target_health_state": [
              {
                "enable_unhealthy_connection_termination": null
              }
            ],
            "target_type": "ip",
            "vpc_id": "vpc-010bfd89a77149352"
          },
          "sensitive_attributes": [],
          "private": "bnVsbA==",
          "dependencies": [
            "module.Network.aws_vpc.mainvpc"
          ]
        }
      ]
    },
    {
      "module": "module.AS-Group",
      "mode": "managed",
      "type": "aws_security_group",
      "name": "app-SG",
      "provider": "provider[\"registry.terraform.io/hashicorp/aws\"]",
      "instances": [
        {
          "schema_version": 1,
          "attributes": {
            "arn": "arn:aws:ec2:us-east-1:730335304178:security-group/sg-0c7ab3fb64ec698a8",
            "description": "Managed by Terraform",
            "egress": [
              {
                "cidr_blocks": [
                  "0.0.0.0/0"
                ],
                "description": "",
                "from_port": 0,
                "ipv6_cidr_blocks": [],
                "prefix_list_ids": [],
                "protocol": "-1",
                "security_groups": [],
                "self": false,
                "to_port": 0
              }
            ],
            "id": "sg-0c7ab3fb64ec698a8",
            "ingress": [
              {
                "cidr_blocks": [
                  "0.0.0.0/0"
                ],
                "description": "",
                "from_port": 1,
                "ipv6_cidr_blocks": [],
                "prefix_list_ids": [],
                "protocol": "tcp",
                "security_groups": [],
                "self": false,
                "to_port": 1024
              }
            ],
            "name": "app-SG",
            "name_prefix": "",
            "owner_id": "730335304178",
            "revoke_rules_on_delete": false,
            "tags": null,
            "tags_all": {},
            "timeouts": null,
            "vpc_id": "vpc-010bfd89a77149352"
          },
          "sensitive_attributes": [],
          "private": "eyJlMmJmYjczMC1lY2FhLTExZTYtOGY4OC0zNDM2M2JjN2M0YzAiOnsiY3JlYXRlIjo2MDAwMDAwMDAwMDAsImRlbGV0ZSI6OTAwMDAwMDAwMDAwfSwic2NoZW1hX3ZlcnNpb24iOiIxIn0=",
          "dependencies": [
            "module.Network.aws_vpc.mainvpc"
          ],
          "create_before_destroy": true
        }
      ]
    },
    {
      "module": "module.AS-Group",
      "mode": "managed",
      "type": "local_file",
      "name": "private-key-file",
      "provider": "provider[\"registry.terraform.io/hashicorp/local\"]",
      "instances": [
        {
          "schema_version": 0,
          "attributes": {
            "content": "-----BEGIN RSA PRIVATE KEY-----\nMIIJKQIBAAKCAgEA50kuQmxbi/3ojI9ksIuEWUNrqsSu5/YIazUOtECVIAN+IFsC\nxU82GWDlK1dRFvwCEC3m+P0R3XhRYODwGaLa2e1rs73azbfQ/Arr2fKJZ30oAlSf\n1oVvNVazN6u/43f+rCMTgsCeM5siPEVIzAjkNlu24Lzt7sAvRAvHsevJ+mOwIAYo\n/5f1kq1wCMbarQZqZoYsjoEz2Wjz3mYh1zfTuafpwUSNYCmxEZ1Py9Fes1xvmak+\nMX5ef2excpRtUr5v8HwZqojPJfOsjD2X/vw23whuBGuxZ4bpPCCtpgMpeRN1BjrR\nsFNQyIEQSecNdnGtOiwpk00SxON/OUE4vBq3EAK8OzFad/x/yG8rsUbsDz3bTq8y\nBG3PXeFRW1+/QdfoaAKMVbGxrxfqcnvNycSCN2R8I+W1bD+d7e8h91eBOdD2LkRb\neFvUEmRX2Ohy4mv1eILHuiqpmQcPX8WBP+9yUuOkgONcGqc+QkG+irKnhAumsQUE\naw7E06Yv9bbaqhvj91kcZynFn/EoUWG+/B5dSf59ici696h65RuEM5HltRHCd8ds\nKfDtnjcJFuFc0VkBaYMr5H8MKLvrJuNDwJI/dBmwiO0QNfVAfwnaT16ZoUpdneCB\nXcBQ5Fbuotm/RWPTVjmyr9TYjnUvA8Tzlv76c6RHKK8l4gRU+dzMnJRy5e8CAwEA\nAQKCAgBLaqd07VRkr6S2wMM6diPv33YqNvw5kxZnruNej3iQ+dKUxlh+8jdXyyqv\nGUfN0NrzX6RjKFI8/1C54F8qXNo0GaD2+T9xuTCiHwWNCfMYFc2IBQQhtVzv7Zd+\n3bgyehxHESD5j8mGVl2xfX4hWfzgZMObQL/tDCndbGHveE1iIkN6Dcgsn+Zpr7hK\nhF0l8mObjsDUrvizOe/bYz5BqWiWr1QfuzTGWJHuhndQpLLWlZumZXNsPCKgNLW+\nAPws8QAbULwlyXqSi4SGLkdz09Yon90P//XXJjzDaHx3F6zcWCXepCtf7ar31m3z\nSy4uox6zS1c7OvSV0wDXMJdJbwSlyycupNL55CWd7ugjJfFL4mwf2Ahn+1bD/9vZ\nM0fFyxcGO4oLJ2xDr+U6AtouYaW3MGGhRb7col2SIwFL2+mHA11ENieFXsnp/zEM\niODqeEL+GNtNJJkm3SdJDKIgOmUaphIluh/osd3R3f7TXKCR2wUZVqu2+uBknova\n11BSn7qToc+Kr6/afoN6zpnfJrdIfNBKH11mMcMEx/A0LDfiWHI8RyuE30MExGnK\nqMPsjmwonWYfdusjiBzdsLC/6TxBeOgF1FNl1u2Ekmwcy2M8m+Wf1J6I+6u3jKtv\n47ETfjhCpVc30BrqaLdULGXpUP1a/1JNtKYqERoJHSD6q+COsQKCAQEA7u5ve/du\nhaqWGfUWaNIRKYlxAKT2i9eD8ezPvI+4HCQR+gRZOMZX4WIQwDHacTD/8PmTjII+\nvTUhFyQ9P7497siw6TJrJmdRfw4TIiwDoLw/G4UBT3aXIE3TE9yX4nSAHeTcVs1W\nRPsq5EDUXsOH6gBZy9RPWVcs0m8qE1YxosKXspKUHXPk37TyNlzLBeK41eR/siLP\ns5UprwGbUtDfXC9Nq5P0zoMXxuGUKRe3H90pGUgvzYjfAjdUf9u9GZxgy5q2nl2j\n5enduzmL6sv2xDR7q1FMEZldZKWOejT2USeCjhDuyw6jqve9MaQPvCJGqGpKPrnY\ngQrabc921tKUywKCAQEA987smpr/B1WXSf/uJcHNWbp3iyMJSSA611Di9C3GssXI\nHlSWFCfMqEEa+0Pxe9q676F/tFyS9dcsJR8RN3FMFkLFKukWVVKUwBFODZvcKxC0\noBkhLJV17ihUm3eagf2MGpPGzpGPfEZy3bv9KBIZjsty2cVyn80Pza+Tj6RDw11H\nQX1uhrHHi9tKD48qWyzIQ0Ex9bqEr/QNkTQIS/h190NTNIxs4JQeCElBeSfI82OP\n9lPGXM+pzyouRpQdUq8qh/nOCd+D65l7MHrGMIz0EGZ4sjl3N65cOSTSvIluophE\nHSyhKDtO3sy4W/DYtda24fi+ombUW2WZ2WOMwN6y7QKCAQEAsm0yqeO8EGu0jgvd\nwUdmc5tk3PNT/lhh+086TvkQp0s0dX27108fH3upQK26EB9kcmMekaZODePYIzz3\n1FtQSrpqiqsRI2uyi2xKU5GE4ArUIcvwj5PjBce4YjOw5PbVGf3noZbT3s2mWTAk\np+Pi4peCd1nEK9aS7U8An9IVXRNuT3dwzpHWkEzDOF+RaYLHP0vVJIUkkFpK95r+\nkBjVRDU7Dm9+OJ3jKq0YhJtmMJBq+atTr2yQBUqmepjxHWgPTNzrlVYeaDp+UCuI\nVj4cuKbs16HtaZMbEGcmABL/Atm7gDYa7V6wUKOTELgQ3BDIrUo6yZ7llHAzcB+n\nAoPdgwKCAQEAh0HXXO+6wYsTH53ko5Erf41KkJQYDmTcGQgaSELwEEXp27w5iljK\n2Q9oJbtJBFw36nHQ3WYmBK9kdgKGCCf76q6ZJbnBqeKANHF9k+n9ezgMDtKIi+gs\nTUiQHadjmw4EOcFtIvTKR3/AVIy2OfffIVSkpH6j+NsZhCAQP7feELVKHlHTUQua\nKhkQTHvNF6TSzfq4xTIAGHXyLc4jtSuxX7vMn4MCLnZKCiXJ6dIwWcB/JGlHfQMP\n4XZZecaAVtArO7q6niL0w1Srq6Nnp7pXwNfdixHYo3i096/Eoom07GSF0RK6B9aP\nTwaYnf5QmrfObHqzurq7sAM9vS0b923WZQKCAQBCccbUyL6QJXifoMuFix96vKlw\nqw/zN1obF9lgQOQO1b0v4g39LicJkKTye5J37iBBdiCqMVUy7Iaslqw8OnXSUeax\ncpj7ME3DPFEHFxHLE9bH3zb1Hok9R3SE8R9ksSgvuqHyo6LeuiLCX6K49BdkduEm\nc4zfyMG7AY4ihKupC0brSNDQSkxmEul9LWxJSKNIOv5wxlcYC85TeuPbx9odtnfV\na60ZKNeaNcvWgk+7PuQLiddjPQCItzDH4kmXwXo2sImzN/BXGNL6rcikPrrJL9RZ\nxz68q/1BnTnf6/55+ALwfe3HFZMH7zldC53AYHlgJ0aK9tZvF+k37h0sz/2Y\n-----END RSA PRIVATE KEY-----\n",
            "content_base64": null,
            "content_base64sha256": "+EKo2Q1W5SP3XaW9UXD6sANR8txg2gyuGo0F52AUuWw=",
            "content_base64sha512": "A3lZYtC3xoRRn94Be1sLY/b8ZRq489T3GLa9RT1arW3GeE6w/S4G65EAyj4p7QpjrMqN6ozx6b5CPIADwivcew==",
            "content_md5": "c3dd8be1afb9b7feff2395b0fb12f6b3",
            "content_sha1": "c0965738c36902087d3ea04aa9cb0dc577900b3a",
            "content_sha256": "f842a8d90d56e523f75da5bd5170fab00351f2dc60da0cae1a8d05e76014b96c",
            "content_sha512": "03795962d0b7c684519fde017b5b0b63f6fc651ab8f3d4f718b6bd453d5aad6dc6784eb0fd2e06eb9100ca3e29ed0a63acca8dea8cf1e9be423c8003c22bdc7b",
            "directory_permission": "0777",
            "file_permission": "0777",
            "filename": "AS-Group/app-key.pem",
            "id": "c0965738c36902087d3ea04aa9cb0dc577900b3a",
            "sensitive_content": null,
            "source": null
          },
          "sensitive_attributes": [
            [
              {
                "type": "get_attr",
                "value": "content"
              }
            ]
          ],
          "dependencies": [
            "module.AS-Group.aws_key_pair.app-key",
            "module.AS-Group.tls_private_key.private-key"
          ]
        }
      ]
    },
    {
      "module": "module.AS-Group",
      "mode": "managed",
      "type": "tls_private_key",
      "name": "private-key",
      "provider": "provider[\"registry.terraform.io/hashicorp/tls\"]",
      "instances": [
        {
          "schema_version": 1,
          "attributes": {
            "algorithm": "RSA",
            "ecdsa_curve": "P224",
            "id": "d900b2a0c9671fcdc53fac217f54239350165a79",
            "private_key_openssh": "-----BEGIN OPENSSH PRIVATE KEY-----\nb3BlbnNzaC1rZXktdjEAAAAABG5vbmUAAAAEbm9uZQAAAAAAAAABAAACFwAAAAdz\nc2gtcnNhAAAAAwEAAQAAAgEA50kuQmxbi/3ojI9ksIuEWUNrqsSu5/YIazUOtECV\nIAN+IFsCxU82GWDlK1dRFvwCEC3m+P0R3XhRYODwGaLa2e1rs73azbfQ/Arr2fKJ\nZ30oAlSf1oVvNVazN6u/43f+rCMTgsCeM5siPEVIzAjkNlu24Lzt7sAvRAvHsevJ\n+mOwIAYo/5f1kq1wCMbarQZqZoYsjoEz2Wjz3mYh1zfTuafpwUSNYCmxEZ1Py9Fe\ns1xvmak+MX5ef2excpRtUr5v8HwZqojPJfOsjD2X/vw23whuBGuxZ4bpPCCtpgMp\neRN1BjrRsFNQyIEQSecNdnGtOiwpk00SxON/OUE4vBq3EAK8OzFad/x/yG8rsUbs\nDz3bTq8yBG3PXeFRW1+/QdfoaAKMVbGxrxfqcnvNycSCN2R8I+W1bD+d7e8h91eB\nOdD2LkRbeFvUEmRX2Ohy4mv1eILHuiqpmQcPX8WBP+9yUuOkgONcGqc+QkG+irKn\nhAumsQUEaw7E06Yv9bbaqhvj91kcZynFn/EoUWG+/B5dSf59ici696h65RuEM5Hl\ntRHCd8dsKfDtnjcJFuFc0VkBaYMr5H8MKLvrJuNDwJI/dBmwiO0QNfVAfwnaT16Z\noUpdneCBXcBQ5Fbuotm/RWPTVjmyr9TYjnUvA8Tzlv76c6RHKK8l4gRU+dzMnJRy\n5e8AAAc46J9fcOifX3AAAAAHc3NoLXJzYQAAAgEA50kuQmxbi/3ojI9ksIuEWUNr\nqsSu5/YIazUOtECVIAN+IFsCxU82GWDlK1dRFvwCEC3m+P0R3XhRYODwGaLa2e1r\ns73azbfQ/Arr2fKJZ30oAlSf1oVvNVazN6u/43f+rCMTgsCeM5siPEVIzAjkNlu2\n4Lzt7sAvRAvHsevJ+mOwIAYo/5f1kq1wCMbarQZqZoYsjoEz2Wjz3mYh1zfTuafp\nwUSNYCmxEZ1Py9Fes1xvmak+MX5ef2excpRtUr5v8HwZqojPJfOsjD2X/vw23whu\nBGuxZ4bpPCCtpgMpeRN1BjrRsFNQyIEQSecNdnGtOiwpk00SxON/OUE4vBq3EAK8\nOzFad/x/yG8rsUbsDz3bTq8yBG3PXeFRW1+/QdfoaAKMVbGxrxfqcnvNycSCN2R8\nI+W1bD+d7e8h91eBOdD2LkRbeFvUEmRX2Ohy4mv1eILHuiqpmQcPX8WBP+9yUuOk\ngONcGqc+QkG+irKnhAumsQUEaw7E06Yv9bbaqhvj91kcZynFn/EoUWG+/B5dSf59\nici696h65RuEM5HltRHCd8dsKfDtnjcJFuFc0VkBaYMr5H8MKLvrJuNDwJI/dBmw\niO0QNfVAfwnaT16ZoUpdneCBXcBQ5Fbuotm/RWPTVjmyr9TYjnUvA8Tzlv76c6RH\nKK8l4gRU+dzMnJRy5e8AAAADAQABAAACAEtqp3TtVGSvpLbAwzp2I+/fdio2/DmT\nFmeu416PeJD50pTGWH7yN1fLKq8ZR83Q2vNfpGMoUjz/ULngXypc2jQZoPb5P3G5\nMKIfBY0J8xgVzYgFBCG1XO/tl37duDJ6HEcRIPmPyYZWXbF9fiFZ/OBkw5tAv+0M\nKd1sYe94TWIiQ3oNyCyf5mmvuEqEXSXyY5uOwNSu+LM579tjPkGpaJavVB+7NMZY\nke6Gd1CkstaVm6Zlc2w8IqA0tb4A/CzxABtQvCXJepKLhIYuR3PT1iif3Q//9dcm\nPMNofHcXrNxYJd6kK1/tqvfWbfNLLi6jHrNLVzs69JXTANcwl0lvBKXLJy6k0vnk\nJZ3u6CMl8UvibB/YCGf7VsP/29kzR8XLFwY7igsnbEOv5ToC2i5hpbcwYaFFvtyi\nXZIjAUvb6YcDXUQ2J4Veyen/MQyI4Op4Qv4Y200kmSbdJ0kMoiA6ZRqmEiW6H+ix\n3dHd/tNcoJHbBRlWq7b64GSei9rXUFKfupOhz4qvr9p+g3rOmd8mt0h80EofXWYx\nwwTH8DQsN+JYcjxHK4TfQwTEacqow+yObCidZh926yOIHN2wsL/pPEF46AXUU2XW\n7YSSbBzLYzyb5Z/Unoj7q7eMq2/jsRN+OEKlVzfQGupot1QsZelQ/Vr/Uk20pioR\nGgkdIPqr4I6xAAABAEJxxtTIvpAleJ+gy4WLH3q8qXCrD/M3WhsX2WBA5A7VvS/i\nDf0uJwmQpPJ7knfuIEF2IKoxVTLshqyWrDw6ddJR5rFymPswTcM8UQcXEcsT1sff\nNvUeiT1HdITxH2SxKC+6ofKjot66IsJforj0F2R24SZzjN/IwbsBjiKEq6kLRutI\n0NBKTGYS6X0tbElIo0g6/nDGVxgLzlN649vH2h22d9VrrRko15o1y9aCT7s+5AuJ\n12M9AIi3MMfiSZfBejawibM38FcY0vqtyKQ+uskv1FnHPryr/UGdOd/r/nn4AvB9\n7ccVkwfvOV0LncBgeWAnRor21m8X6TfuHSzP/ZgAAAEBAO7ub3v3boWqlhn1FmjS\nESmJcQCk9ovXg/Hsz7yPuBwkEfoEWTjGV+FiEMAx2nEw//D5k4yCPr01IRckPT++\nPe7IsOkyayZnUX8OEyIsA6C8PxuFAU92lyBN0xPcl+J0gB3k3FbNVkT7KuRA1F7D\nh+oAWcvUT1lXLNJvKhNWMaLCl7KSlB1z5N+08jZcywXiuNXkf7Iiz7OVKa8Bm1LQ\n31wvTauT9M6DF8bhlCkXtx/dKRlIL82I3wI3VH/bvRmcYMuatp5do+Xp3bs5i+rL\n9sQ0e6tRTBGZXWSljno09lEngo4Q7ssOo6r3vTGkD7wiRqhqSj652IEK2m3PdtbS\nlMsAAAEBAPfO7Jqa/wdVl0n/7iXBzVm6d4sjCUkgOtdQ4vQtxrLFyB5UlhQnzKhB\nGvtD8Xvauu+hf7RckvXXLCUfETdxTBZCxSrpFlVSlMARTg2b3CsQtKAZISyVde4o\nVJt3moH9jBqTxs6Rj3xGct27/SgSGY7LctnFcp/ND82vk4+kQ8NdR0F9boaxx4vb\nSg+PKlssyENBMfW6hK/0DZE0CEv4dfdDUzSMbOCUHghJQXknyPNjj/ZTxlzPqc8q\nLkaUHVKvKof5zgnfg+uZezB6xjCM9BBmeLI5dzeuXDkk0ryJbqKYRB0soSg7Tt7M\nuFvw2LXWtuH4vqJm1FtlmdljjMDesu0AAAAAAQID\n-----END OPENSSH PRIVATE KEY-----\n",
            "private_key_pem": "-----BEGIN RSA PRIVATE KEY-----\nMIIJKQIBAAKCAgEA50kuQmxbi/3ojI9ksIuEWUNrqsSu5/YIazUOtECVIAN+IFsC\nxU82GWDlK1dRFvwCEC3m+P0R3XhRYODwGaLa2e1rs73azbfQ/Arr2fKJZ30oAlSf\n1oVvNVazN6u/43f+rCMTgsCeM5siPEVIzAjkNlu24Lzt7sAvRAvHsevJ+mOwIAYo\n/5f1kq1wCMbarQZqZoYsjoEz2Wjz3mYh1zfTuafpwUSNYCmxEZ1Py9Fes1xvmak+\nMX5ef2excpRtUr5v8HwZqojPJfOsjD2X/vw23whuBGuxZ4bpPCCtpgMpeRN1BjrR\nsFNQyIEQSecNdnGtOiwpk00SxON/OUE4vBq3EAK8OzFad/x/yG8rsUbsDz3bTq8y\nBG3PXeFRW1+/QdfoaAKMVbGxrxfqcnvNycSCN2R8I+W1bD+d7e8h91eBOdD2LkRb\neFvUEmRX2Ohy4mv1eILHuiqpmQcPX8WBP+9yUuOkgONcGqc+QkG+irKnhAumsQUE\naw7E06Yv9bbaqhvj91kcZynFn/EoUWG+/B5dSf59ici696h65RuEM5HltRHCd8ds\nKfDtnjcJFuFc0VkBaYMr5H8MKLvrJuNDwJI/dBmwiO0QNfVAfwnaT16ZoUpdneCB\nXcBQ5Fbuotm/RWPTVjmyr9TYjnUvA8Tzlv76c6RHKK8l4gRU+dzMnJRy5e8CAwEA\nAQKCAgBLaqd07VRkr6S2wMM6diPv33YqNvw5kxZnruNej3iQ+dKUxlh+8jdXyyqv\nGUfN0NrzX6RjKFI8/1C54F8qXNo0GaD2+T9xuTCiHwWNCfMYFc2IBQQhtVzv7Zd+\n3bgyehxHESD5j8mGVl2xfX4hWfzgZMObQL/tDCndbGHveE1iIkN6Dcgsn+Zpr7hK\nhF0l8mObjsDUrvizOe/bYz5BqWiWr1QfuzTGWJHuhndQpLLWlZumZXNsPCKgNLW+\nAPws8QAbULwlyXqSi4SGLkdz09Yon90P//XXJjzDaHx3F6zcWCXepCtf7ar31m3z\nSy4uox6zS1c7OvSV0wDXMJdJbwSlyycupNL55CWd7ugjJfFL4mwf2Ahn+1bD/9vZ\nM0fFyxcGO4oLJ2xDr+U6AtouYaW3MGGhRb7col2SIwFL2+mHA11ENieFXsnp/zEM\niODqeEL+GNtNJJkm3SdJDKIgOmUaphIluh/osd3R3f7TXKCR2wUZVqu2+uBknova\n11BSn7qToc+Kr6/afoN6zpnfJrdIfNBKH11mMcMEx/A0LDfiWHI8RyuE30MExGnK\nqMPsjmwonWYfdusjiBzdsLC/6TxBeOgF1FNl1u2Ekmwcy2M8m+Wf1J6I+6u3jKtv\n47ETfjhCpVc30BrqaLdULGXpUP1a/1JNtKYqERoJHSD6q+COsQKCAQEA7u5ve/du\nhaqWGfUWaNIRKYlxAKT2i9eD8ezPvI+4HCQR+gRZOMZX4WIQwDHacTD/8PmTjII+\nvTUhFyQ9P7497siw6TJrJmdRfw4TIiwDoLw/G4UBT3aXIE3TE9yX4nSAHeTcVs1W\nRPsq5EDUXsOH6gBZy9RPWVcs0m8qE1YxosKXspKUHXPk37TyNlzLBeK41eR/siLP\ns5UprwGbUtDfXC9Nq5P0zoMXxuGUKRe3H90pGUgvzYjfAjdUf9u9GZxgy5q2nl2j\n5enduzmL6sv2xDR7q1FMEZldZKWOejT2USeCjhDuyw6jqve9MaQPvCJGqGpKPrnY\ngQrabc921tKUywKCAQEA987smpr/B1WXSf/uJcHNWbp3iyMJSSA611Di9C3GssXI\nHlSWFCfMqEEa+0Pxe9q676F/tFyS9dcsJR8RN3FMFkLFKukWVVKUwBFODZvcKxC0\noBkhLJV17ihUm3eagf2MGpPGzpGPfEZy3bv9KBIZjsty2cVyn80Pza+Tj6RDw11H\nQX1uhrHHi9tKD48qWyzIQ0Ex9bqEr/QNkTQIS/h190NTNIxs4JQeCElBeSfI82OP\n9lPGXM+pzyouRpQdUq8qh/nOCd+D65l7MHrGMIz0EGZ4sjl3N65cOSTSvIluophE\nHSyhKDtO3sy4W/DYtda24fi+ombUW2WZ2WOMwN6y7QKCAQEAsm0yqeO8EGu0jgvd\nwUdmc5tk3PNT/lhh+086TvkQp0s0dX27108fH3upQK26EB9kcmMekaZODePYIzz3\n1FtQSrpqiqsRI2uyi2xKU5GE4ArUIcvwj5PjBce4YjOw5PbVGf3noZbT3s2mWTAk\np+Pi4peCd1nEK9aS7U8An9IVXRNuT3dwzpHWkEzDOF+RaYLHP0vVJIUkkFpK95r+\nkBjVRDU7Dm9+OJ3jKq0YhJtmMJBq+atTr2yQBUqmepjxHWgPTNzrlVYeaDp+UCuI\nVj4cuKbs16HtaZMbEGcmABL/Atm7gDYa7V6wUKOTELgQ3BDIrUo6yZ7llHAzcB+n\nAoPdgwKCAQEAh0HXXO+6wYsTH53ko5Erf41KkJQYDmTcGQgaSELwEEXp27w5iljK\n2Q9oJbtJBFw36nHQ3WYmBK9kdgKGCCf76q6ZJbnBqeKANHF9k+n9ezgMDtKIi+gs\nTUiQHadjmw4EOcFtIvTKR3/AVIy2OfffIVSkpH6j+NsZhCAQP7feELVKHlHTUQua\nKhkQTHvNF6TSzfq4xTIAGHXyLc4jtSuxX7vMn4MCLnZKCiXJ6dIwWcB/JGlHfQMP\n4XZZecaAVtArO7q6niL0w1Srq6Nnp7pXwNfdixHYo3i096/Eoom07GSF0RK6B9aP\nTwaYnf5QmrfObHqzurq7sAM9vS0b923WZQKCAQBCccbUyL6QJXifoMuFix96vKlw\nqw/zN1obF9lgQOQO1b0v4g39LicJkKTye5J37iBBdiCqMVUy7Iaslqw8OnXSUeax\ncpj7ME3DPFEHFxHLE9bH3zb1Hok9R3SE8R9ksSgvuqHyo6LeuiLCX6K49BdkduEm\nc4zfyMG7AY4ihKupC0brSNDQSkxmEul9LWxJSKNIOv5wxlcYC85TeuPbx9odtnfV\na60ZKNeaNcvWgk+7PuQLiddjPQCItzDH4kmXwXo2sImzN/BXGNL6rcikPrrJL9RZ\nxz68q/1BnTnf6/55+ALwfe3HFZMH7zldC53AYHlgJ0aK9tZvF+k37h0sz/2Y\n-----END RSA PRIVATE KEY-----\n",
            "private_key_pem_pkcs8": "-----BEGIN PRIVATE KEY-----\nMIIJQwIBADANBgkqhkiG9w0BAQEFAASCCS0wggkpAgEAAoICAQDnSS5CbFuL/eiM\nj2Swi4RZQ2uqxK7n9ghrNQ60QJUgA34gWwLFTzYZYOUrV1EW/AIQLeb4/RHdeFFg\n4PAZotrZ7WuzvdrNt9D8CuvZ8olnfSgCVJ/WhW81VrM3q7/jd/6sIxOCwJ4zmyI8\nRUjMCOQ2W7bgvO3uwC9EC8ex68n6Y7AgBij/l/WSrXAIxtqtBmpmhiyOgTPZaPPe\nZiHXN9O5p+nBRI1gKbERnU/L0V6zXG+ZqT4xfl5/Z7FylG1Svm/wfBmqiM8l86yM\nPZf+/DbfCG4Ea7Fnhuk8IK2mAyl5E3UGOtGwU1DIgRBJ5w12ca06LCmTTRLE4385\nQTi8GrcQArw7MVp3/H/IbyuxRuwPPdtOrzIEbc9d4VFbX79B1+hoAoxVsbGvF+py\ne83JxII3ZHwj5bVsP53t7yH3V4E50PYuRFt4W9QSZFfY6HLia/V4gse6KqmZBw9f\nxYE/73JS46SA41wapz5CQb6KsqeEC6axBQRrDsTTpi/1ttqqG+P3WRxnKcWf8ShR\nYb78Hl1J/n2JyLr3qHrlG4QzkeW1EcJ3x2wp8O2eNwkW4VzRWQFpgyvkfwwou+sm\n40PAkj90GbCI7RA19UB/CdpPXpmhSl2d4IFdwFDkVu6i2b9FY9NWObKv1NiOdS8D\nxPOW/vpzpEcoryXiBFT53MyclHLl7wIDAQABAoICAEtqp3TtVGSvpLbAwzp2I+/f\ndio2/DmTFmeu416PeJD50pTGWH7yN1fLKq8ZR83Q2vNfpGMoUjz/ULngXypc2jQZ\noPb5P3G5MKIfBY0J8xgVzYgFBCG1XO/tl37duDJ6HEcRIPmPyYZWXbF9fiFZ/OBk\nw5tAv+0MKd1sYe94TWIiQ3oNyCyf5mmvuEqEXSXyY5uOwNSu+LM579tjPkGpaJav\nVB+7NMZYke6Gd1CkstaVm6Zlc2w8IqA0tb4A/CzxABtQvCXJepKLhIYuR3PT1iif\n3Q//9dcmPMNofHcXrNxYJd6kK1/tqvfWbfNLLi6jHrNLVzs69JXTANcwl0lvBKXL\nJy6k0vnkJZ3u6CMl8UvibB/YCGf7VsP/29kzR8XLFwY7igsnbEOv5ToC2i5hpbcw\nYaFFvtyiXZIjAUvb6YcDXUQ2J4Veyen/MQyI4Op4Qv4Y200kmSbdJ0kMoiA6ZRqm\nEiW6H+ix3dHd/tNcoJHbBRlWq7b64GSei9rXUFKfupOhz4qvr9p+g3rOmd8mt0h8\n0EofXWYxwwTH8DQsN+JYcjxHK4TfQwTEacqow+yObCidZh926yOIHN2wsL/pPEF4\n6AXUU2XW7YSSbBzLYzyb5Z/Unoj7q7eMq2/jsRN+OEKlVzfQGupot1QsZelQ/Vr/\nUk20pioRGgkdIPqr4I6xAoIBAQDu7m97926FqpYZ9RZo0hEpiXEApPaL14Px7M+8\nj7gcJBH6BFk4xlfhYhDAMdpxMP/w+ZOMgj69NSEXJD0/vj3uyLDpMmsmZ1F/DhMi\nLAOgvD8bhQFPdpcgTdMT3JfidIAd5NxWzVZE+yrkQNRew4fqAFnL1E9ZVyzSbyoT\nVjGiwpeykpQdc+TftPI2XMsF4rjV5H+yIs+zlSmvAZtS0N9cL02rk/TOgxfG4ZQp\nF7cf3SkZSC/NiN8CN1R/270ZnGDLmraeXaPl6d27OYvqy/bENHurUUwRmV1kpY56\nNPZRJ4KOEO7LDqOq970xpA+8Ikaoako+udiBCtptz3bW0pTLAoIBAQD3zuyamv8H\nVZdJ/+4lwc1ZuneLIwlJIDrXUOL0LcayxcgeVJYUJ8yoQRr7Q/F72rrvoX+0XJL1\n1ywlHxE3cUwWQsUq6RZVUpTAEU4Nm9wrELSgGSEslXXuKFSbd5qB/Ywak8bOkY98\nRnLdu/0oEhmOy3LZxXKfzQ/Nr5OPpEPDXUdBfW6GsceL20oPjypbLMhDQTH1uoSv\n9A2RNAhL+HX3Q1M0jGzglB4ISUF5J8jzY4/2U8Zcz6nPKi5GlB1SryqH+c4J34Pr\nmXswesYwjPQQZniyOXc3rlw5JNK8iW6imEQdLKEoO07ezLhb8Ni11rbh+L6iZtRb\nZZnZY4zA3rLtAoIBAQCybTKp47wQa7SOC93BR2Zzm2Tc81P+WGH7TzpO+RCnSzR1\nfbvXTx8fe6lArboQH2RyYx6Rpk4N49gjPPfUW1BKumqKqxEja7KLbEpTkYTgCtQh\ny/CPk+MFx7hiM7Dk9tUZ/eehltPezaZZMCSn4+Lil4J3WcQr1pLtTwCf0hVdE25P\nd3DOkdaQTMM4X5Fpgsc/S9UkhSSQWkr3mv6QGNVENTsOb344neMqrRiEm2YwkGr5\nq1OvbJAFSqZ6mPEdaA9M3OuVVh5oOn5QK4hWPhy4puzXoe1pkxsQZyYAEv8C2buA\nNhrtXrBQo5MQuBDcEMitSjrJnuWUcDNwH6cCg92DAoIBAQCHQddc77rBixMfneSj\nkSt/jUqQlBgOZNwZCBpIQvAQRenbvDmKWMrZD2glu0kEXDfqcdDdZiYEr2R2AoYI\nJ/vqrpklucGp4oA0cX2T6f17OAwO0oiL6CxNSJAdp2ObDgQ5wW0i9MpHf8BUjLY5\n998hVKSkfqP42xmEIBA/t94QtUoeUdNRC5oqGRBMe80XpNLN+rjFMgAYdfItziO1\nK7Ffu8yfgwIudkoKJcnp0jBZwH8kaUd9Aw/hdll5xoBW0Cs7urqeIvTDVKuro2en\nulfA192LEdijeLT3r8SiibTsZIXREroH1o9PBpid/lCat85serO6uruwAz29LRv3\nbdZlAoIBAEJxxtTIvpAleJ+gy4WLH3q8qXCrD/M3WhsX2WBA5A7VvS/iDf0uJwmQ\npPJ7knfuIEF2IKoxVTLshqyWrDw6ddJR5rFymPswTcM8UQcXEcsT1sffNvUeiT1H\ndITxH2SxKC+6ofKjot66IsJforj0F2R24SZzjN/IwbsBjiKEq6kLRutI0NBKTGYS\n6X0tbElIo0g6/nDGVxgLzlN649vH2h22d9VrrRko15o1y9aCT7s+5AuJ12M9AIi3\nMMfiSZfBejawibM38FcY0vqtyKQ+uskv1FnHPryr/UGdOd/r/nn4AvB97ccVkwfv\nOV0LncBgeWAnRor21m8X6TfuHSzP/Zg=\n-----END PRIVATE KEY-----\n",
            "public_key_fingerprint_md5": "89:73:26:b8:9f:d6:fc:ee:d6:cb:1c:aa:17:2d:e3:b5",
            "public_key_fingerprint_sha256": "SHA256:ZvkOWkPa4kiVO/bwE5NnjhrcNraN70NY/cUEMyOhU8U",
            "public_key_openssh": "ssh-rsa AAAAB3NzaC1yc2EAAAADAQABAAACAQDnSS5CbFuL/eiMj2Swi4RZQ2uqxK7n9ghrNQ60QJUgA34gWwLFTzYZYOUrV1EW/AIQLeb4/RHdeFFg4PAZotrZ7WuzvdrNt9D8CuvZ8olnfSgCVJ/WhW81VrM3q7/jd/6sIxOCwJ4zmyI8RUjMCOQ2W7bgvO3uwC9EC8ex68n6Y7AgBij/l/WSrXAIxtqtBmpmhiyOgTPZaPPeZiHXN9O5p+nBRI1gKbERnU/L0V6zXG+ZqT4xfl5/Z7FylG1Svm/wfBmqiM8l86yMPZf+/DbfCG4Ea7Fnhuk8IK2mAyl5E3UGOtGwU1DIgRBJ5w12ca06LCmTTRLE4385QTi8GrcQArw7MVp3/H/IbyuxRuwPPdtOrzIEbc9d4VFbX79B1+hoAoxVsbGvF+pye83JxII3ZHwj5bVsP53t7yH3V4E50PYuRFt4W9QSZFfY6HLia/V4gse6KqmZBw9fxYE/73JS46SA41wapz5CQb6KsqeEC6axBQRrDsTTpi/1ttqqG+P3WRxnKcWf8ShRYb78Hl1J/n2JyLr3qHrlG4QzkeW1EcJ3x2wp8O2eNwkW4VzRWQFpgyvkfwwou+sm40PAkj90GbCI7RA19UB/CdpPXpmhSl2d4IFdwFDkVu6i2b9FY9NWObKv1NiOdS8DxPOW/vpzpEcoryXiBFT53MyclHLl7w==\n",
            "public_key_pem": "-----BEGIN PUBLIC KEY-----\nMIICIjANBgkqhkiG9w0BAQEFAAOCAg8AMIICCgKCAgEA50kuQmxbi/3ojI9ksIuE\nWUNrqsSu5/YIazUOtECVIAN+IFsCxU82GWDlK1dRFvwCEC3m+P0R3XhRYODwGaLa\n2e1rs73azbfQ/Arr2fKJZ30oAlSf1oVvNVazN6u/43f+rCMTgsCeM5siPEVIzAjk\nNlu24Lzt7sAvRAvHsevJ+mOwIAYo/5f1kq1wCMbarQZqZoYsjoEz2Wjz3mYh1zfT\nuafpwUSNYCmxEZ1Py9Fes1xvmak+MX5ef2excpRtUr5v8HwZqojPJfOsjD2X/vw2\n3whuBGuxZ4bpPCCtpgMpeRN1BjrRsFNQyIEQSecNdnGtOiwpk00SxON/OUE4vBq3\nEAK8OzFad/x/yG8rsUbsDz3bTq8yBG3PXeFRW1+/QdfoaAKMVbGxrxfqcnvNycSC\nN2R8I+W1bD+d7e8h91eBOdD2LkRbeFvUEmRX2Ohy4mv1eILHuiqpmQcPX8WBP+9y\nUuOkgONcGqc+QkG+irKnhAumsQUEaw7E06Yv9bbaqhvj91kcZynFn/EoUWG+/B5d\nSf59ici696h65RuEM5HltRHCd8dsKfDtnjcJFuFc0VkBaYMr5H8MKLvrJuNDwJI/\ndBmwiO0QNfVAfwnaT16ZoUpdneCBXcBQ5Fbuotm/RWPTVjmyr9TYjnUvA8Tzlv76\nc6RHKK8l4gRU+dzMnJRy5e8CAwEAAQ==\n-----END PUBLIC KEY-----\n",
            "rsa_bits": 4096
          },
          "sensitive_attributes": [],
          "create_before_destroy": true
        }
      ]
    },
    {
      "module": "module.Network",
      "mode": "managed",
      "type": "aws_internet_gateway",
      "name": "iGW",
      "provider": "provider[\"registry.terraform.io/hashicorp/aws\"]",
      "instances": [
        {
          "schema_version": 0,
          "attributes": {
            "arn": "arn:aws:ec2:us-east-1:730335304178:internet-gateway/igw-0e74fa494a7f4e72c",
            "id": "igw-0e74fa494a7f4e72c",
            "owner_id": "730335304178",
            "tags": {
              "name": "App-Gateway"
            },
            "tags_all": {
              "name": "App-Gateway"
            },
            "timeouts": null,
            "vpc_id": "vpc-010bfd89a77149352"
          },
          "sensitive_attributes": [],
          "private": "eyJlMmJmYjczMC1lY2FhLTExZTYtOGY4OC0zNDM2M2JjN2M0YzAiOnsiY3JlYXRlIjoxMjAwMDAwMDAwMDAwLCJkZWxldGUiOjEyMDAwMDAwMDAwMDAsInVwZGF0ZSI6MTIwMDAwMDAwMDAwMH19",
          "dependencies": [
            "module.Network.aws_vpc.mainvpc"
          ]
        }
      ]
    },
    {
      "module": "module.Network",
      "mode": "managed",
      "type": "aws_route_table",
      "name": "private-RT",
      "provider": "provider[\"registry.terraform.io/hashicorp/aws\"]",
      "instances": [
        {
          "schema_version": 0,
          "attributes": {
            "arn": "arn:aws:ec2:us-east-1:730335304178:route-table/rtb-09d20e145539af4c8",
            "id": "rtb-09d20e145539af4c8",
            "owner_id": "730335304178",
            "propagating_vgws": [],
            "route": [
              {
                "carrier_gateway_id": "",
                "cidr_block": "172.31.0.0/16",
                "core_network_arn": "",
                "destination_prefix_list_id": "",
                "egress_only_gateway_id": "",
                "gateway_id": "local",
                "ipv6_cidr_block": "",
                "local_gateway_id": "",
                "nat_gateway_id": "",
                "network_interface_id": "",
                "transit_gateway_id": "",
                "vpc_endpoint_id": "",
                "vpc_peering_connection_id": ""
              }
            ],
            "tags": null,
            "tags_all": {},
            "timeouts": null,
            "vpc_id": "vpc-010bfd89a77149352"
          },
          "sensitive_attributes": [],
          "private": "eyJlMmJmYjczMC1lY2FhLTExZTYtOGY4OC0zNDM2M2JjN2M0YzAiOnsiY3JlYXRlIjozMDAwMDAwMDAwMDAsImRlbGV0ZSI6MzAwMDAwMDAwMDAwLCJ1cGRhdGUiOjEyMDAwMDAwMDAwMH19",
          "dependencies": [
            "module.Network.aws_vpc.mainvpc"
          ]
        }
      ]
    },
    {
      "module": "module.Network",
      "mode": "managed",
      "type": "aws_route_table",
      "name": "public-RT",
      "provider": "provider[\"registry.terraform.io/hashicorp/aws\"]",
      "instances": [
        {
          "schema_version": 0,
          "attributes": {
            "arn": "arn:aws:ec2:us-east-1:730335304178:route-table/rtb-064f7309d10dee7a1",
            "id": "rtb-064f7309d10dee7a1",
            "owner_id": "730335304178",
            "propagating_vgws": [],
            "route": [
              {
                "carrier_gateway_id": "",
                "cidr_block": "0.0.0.0/0",
                "core_network_arn": "",
                "destination_prefix_list_id": "",
                "egress_only_gateway_id": "",
                "gateway_id": "igw-0e74fa494a7f4e72c",
                "ipv6_cidr_block": "",
                "local_gateway_id": "",
                "nat_gateway_id": "",
                "network_interface_id": "",
                "transit_gateway_id": "",
                "vpc_endpoint_id": "",
                "vpc_peering_connection_id": ""
              },
              {
                "carrier_gateway_id": "",
                "cidr_block": "172.31.0.0/16",
                "core_network_arn": "",
                "destination_prefix_list_id": "",
                "egress_only_gateway_id": "",
                "gateway_id": "local",
                "ipv6_cidr_block": "",
                "local_gateway_id": "",
                "nat_gateway_id": "",
                "network_interface_id": "",
                "transit_gateway_id": "",
                "vpc_endpoint_id": "",
                "vpc_peering_connection_id": ""
              }
            ],
            "tags": null,
            "tags_all": {},
            "timeouts": null,
            "vpc_id": "vpc-010bfd89a77149352"
          },
          "sensitive_attributes": [],
          "private": "eyJlMmJmYjczMC1lY2FhLTExZTYtOGY4OC0zNDM2M2JjN2M0YzAiOnsiY3JlYXRlIjozMDAwMDAwMDAwMDAsImRlbGV0ZSI6MzAwMDAwMDAwMDAwLCJ1cGRhdGUiOjEyMDAwMDAwMDAwMH19",
          "dependencies": [
            "module.Network.aws_internet_gateway.iGW",
            "module.Network.aws_vpc.mainvpc"
          ]
        }
      ]
    },
    {
      "module": "module.Network",
      "mode": "managed",
      "type": "aws_route_table_association",
      "name": "private-network",
      "provider": "provider[\"registry.terraform.io/hashicorp/aws\"]",
      "instances": [
        {
          "index_key": 0,
          "schema_version": 0,
          "attributes": {
            "gateway_id": "",
            "id": "rtbassoc-04970ff3a42ddbd81",
            "route_table_id": "rtb-09d20e145539af4c8",
            "subnet_id": "subnet-09b3bdcc9c44aaaef",
            "timeouts": null
          },
          "sensitive_attributes": [],
          "private": "eyJlMmJmYjczMC1lY2FhLTExZTYtOGY4OC0zNDM2M2JjN2M0YzAiOnsiY3JlYXRlIjozMDAwMDAwMDAwMDAsImRlbGV0ZSI6MzAwMDAwMDAwMDAwLCJ1cGRhdGUiOjEyMDAwMDAwMDAwMH19",
          "dependencies": [
            "module.Network.aws_route_table.private-RT",
            "module.Network.aws_subnet.PrivateSNs",
            "module.Network.aws_vpc.mainvpc"
          ]
        },
        {
          "index_key": 1,
          "schema_version": 0,
          "attributes": {
            "gateway_id": "",
            "id": "rtbassoc-049adb6d43d5ff6ff",
            "route_table_id": "rtb-09d20e145539af4c8",
            "subnet_id": "subnet-05a7bbfa2ab75a065",
            "timeouts": null
          },
          "sensitive_attributes": [],
          "private": "eyJlMmJmYjczMC1lY2FhLTExZTYtOGY4OC0zNDM2M2JjN2M0YzAiOnsiY3JlYXRlIjozMDAwMDAwMDAwMDAsImRlbGV0ZSI6MzAwMDAwMDAwMDAwLCJ1cGRhdGUiOjEyMDAwMDAwMDAwMH19",
          "dependencies": [
            "module.Network.aws_route_table.private-RT",
            "module.Network.aws_subnet.PrivateSNs",
            "module.Network.aws_vpc.mainvpc"
          ]
        }
      ]
    },
    {
      "module": "module.Network",
      "mode": "managed",
      "type": "aws_route_table_association",
      "name": "public-network",
      "provider": "provider[\"registry.terraform.io/hashicorp/aws\"]",
      "instances": [
        {
          "index_key": 0,
          "schema_version": 0,
          "attributes": {
            "gateway_id": "",
            "id": "rtbassoc-01787afec67c859ed",
            "route_table_id": "rtb-064f7309d10dee7a1",
            "subnet_id": "subnet-04606698d0109673c",
            "timeouts": null
          },
          "sensitive_attributes": [],
          "private": "eyJlMmJmYjczMC1lY2FhLTExZTYtOGY4OC0zNDM2M2JjN2M0YzAiOnsiY3JlYXRlIjozMDAwMDAwMDAwMDAsImRlbGV0ZSI6MzAwMDAwMDAwMDAwLCJ1cGRhdGUiOjEyMDAwMDAwMDAwMH19",
          "dependencies": [
            "module.Network.aws_internet_gateway.iGW",
            "module.Network.aws_route_table.public-RT",
            "module.Network.aws_subnet.publicSNs",
            "module.Network.aws_vpc.mainvpc"
          ]
        },
        {
          "index_key": 1,
          "schema_version": 0,
          "attributes": {
            "gateway_id": "",
            "id": "rtbassoc-0a21fbbbb074886fe",
            "route_table_id": "rtb-064f7309d10dee7a1",
            "subnet_id": "subnet-0644afdcaae67ce5f",
            "timeouts": null
          },
          "sensitive_attributes": [],
          "private": "eyJlMmJmYjczMC1lY2FhLTExZTYtOGY4OC0zNDM2M2JjN2M0YzAiOnsiY3JlYXRlIjozMDAwMDAwMDAwMDAsImRlbGV0ZSI6MzAwMDAwMDAwMDAwLCJ1cGRhdGUiOjEyMDAwMDAwMDAwMH19",
          "dependencies": [
            "module.Network.aws_internet_gateway.iGW",
            "module.Network.aws_route_table.public-RT",
            "module.Network.aws_subnet.publicSNs",
            "module.Network.aws_vpc.mainvpc"
          ]
        },
        {
          "index_key": 2,
          "schema_version": 0,
          "attributes": {
            "gateway_id": "",
            "id": "rtbassoc-0bf2923256a5f2216",
            "route_table_id": "rtb-064f7309d10dee7a1",
            "subnet_id": "subnet-06dbd2d597c5816bf",
            "timeouts": null
          },
          "sensitive_attributes": [],
          "private": "eyJlMmJmYjczMC1lY2FhLTExZTYtOGY4OC0zNDM2M2JjN2M0YzAiOnsiY3JlYXRlIjozMDAwMDAwMDAwMDAsImRlbGV0ZSI6MzAwMDAwMDAwMDAwLCJ1cGRhdGUiOjEyMDAwMDAwMDAwMH19",
          "dependencies": [
            "module.Network.aws_internet_gateway.iGW",
            "module.Network.aws_route_table.public-RT",
            "module.Network.aws_subnet.publicSNs",
            "module.Network.aws_vpc.mainvpc"
          ]
        },
        {
          "index_key": 3,
          "schema_version": 0,
          "attributes": {
            "gateway_id": "",
            "id": "rtbassoc-0a883a15a473a00fc",
            "route_table_id": "rtb-064f7309d10dee7a1",
            "subnet_id": "subnet-0a91cc2b40f5e0dd2",
            "timeouts": null
          },
          "sensitive_attributes": [],
          "private": "eyJlMmJmYjczMC1lY2FhLTExZTYtOGY4OC0zNDM2M2JjN2M0YzAiOnsiY3JlYXRlIjozMDAwMDAwMDAwMDAsImRlbGV0ZSI6MzAwMDAwMDAwMDAwLCJ1cGRhdGUiOjEyMDAwMDAwMDAwMH19",
          "dependencies": [
            "module.Network.aws_internet_gateway.iGW",
            "module.Network.aws_route_table.public-RT",
            "module.Network.aws_subnet.publicSNs",
            "module.Network.aws_vpc.mainvpc"
          ]
        }
      ]
    },
    {
      "module": "module.Network",
      "mode": "managed",
      "type": "aws_subnet",
      "name": "PrivateSNs",
      "provider": "provider[\"registry.terraform.io/hashicorp/aws\"]",
      "instances": [
        {
          "index_key": 0,
          "schema_version": 1,
          "attributes": {
            "arn": "arn:aws:ec2:us-east-1:730335304178:subnet/subnet-09b3bdcc9c44aaaef",
            "assign_ipv6_address_on_creation": false,
            "availability_zone": "us-east-1e",
            "availability_zone_id": "use1-az3",
            "cidr_block": "172.31.64.0/20",
            "customer_owned_ipv4_pool": "",
            "enable_dns64": false,
            "enable_lni_at_device_index": 0,
            "enable_resource_name_dns_a_record_on_launch": false,
            "enable_resource_name_dns_aaaa_record_on_launch": false,
            "id": "subnet-09b3bdcc9c44aaaef",
            "ipv6_cidr_block": "",
            "ipv6_cidr_block_association_id": "",
            "ipv6_native": false,
            "map_customer_owned_ip_on_launch": false,
            "map_public_ip_on_launch": false,
            "outpost_arn": "",
            "owner_id": "730335304178",
            "private_dns_hostname_type_on_launch": "ip-name",
            "tags": {
              "name": "PrivateSN-1"
            },
            "tags_all": {
              "name": "PrivateSN-1"
            },
            "timeouts": null,
            "vpc_id": "vpc-010bfd89a77149352"
          },
          "sensitive_attributes": [],
          "private": "eyJlMmJmYjczMC1lY2FhLTExZTYtOGY4OC0zNDM2M2JjN2M0YzAiOnsiY3JlYXRlIjo2MDAwMDAwMDAwMDAsImRlbGV0ZSI6MTIwMDAwMDAwMDAwMH0sInNjaGVtYV92ZXJzaW9uIjoiMSJ9",
          "dependencies": [
            "module.Network.aws_vpc.mainvpc"
          ]
        },
        {
          "index_key": 1,
          "schema_version": 1,
          "attributes": {
            "arn": "arn:aws:ec2:us-east-1:730335304178:subnet/subnet-05a7bbfa2ab75a065",
            "assign_ipv6_address_on_creation": false,
            "availability_zone": "us-east-1f",
            "availability_zone_id": "use1-az5",
            "cidr_block": "172.31.80.0/20",
            "customer_owned_ipv4_pool": "",
            "enable_dns64": false,
            "enable_lni_at_device_index": 0,
            "enable_resource_name_dns_a_record_on_launch": false,
            "enable_resource_name_dns_aaaa_record_on_launch": false,
            "id": "subnet-05a7bbfa2ab75a065",
            "ipv6_cidr_block": "",
            "ipv6_cidr_block_association_id": "",
            "ipv6_native": false,
            "map_customer_owned_ip_on_launch": false,
            "map_public_ip_on_launch": false,
            "outpost_arn": "",
            "owner_id": "730335304178",
            "private_dns_hostname_type_on_launch": "ip-name",
            "tags": {
              "name": "PrivateSN-2"
            },
            "tags_all": {
              "name": "PrivateSN-2"
            },
            "timeouts": null,
            "vpc_id": "vpc-010bfd89a77149352"
          },
          "sensitive_attributes": [],
          "private": "eyJlMmJmYjczMC1lY2FhLTExZTYtOGY4OC0zNDM2M2JjN2M0YzAiOnsiY3JlYXRlIjo2MDAwMDAwMDAwMDAsImRlbGV0ZSI6MTIwMDAwMDAwMDAwMH0sInNjaGVtYV92ZXJzaW9uIjoiMSJ9",
          "dependencies": [
            "module.Network.aws_vpc.mainvpc"
          ]
        }
      ]
    },
    {
      "module": "module.Network",
      "mode": "managed",
      "type": "aws_subnet",
      "name": "publicSNs",
      "provider": "provider[\"registry.terraform.io/hashicorp/aws\"]",
      "instances": [
        {
          "index_key": 0,
          "schema_version": 1,
          "attributes": {
            "arn": "arn:aws:ec2:us-east-1:730335304178:subnet/subnet-04606698d0109673c",
            "assign_ipv6_address_on_creation": false,
            "availability_zone": "us-east-1a",
            "availability_zone_id": "use1-az2",
            "cidr_block": "172.31.0.0/20",
            "customer_owned_ipv4_pool": "",
            "enable_dns64": false,
            "enable_lni_at_device_index": 0,
            "enable_resource_name_dns_a_record_on_launch": false,
            "enable_resource_name_dns_aaaa_record_on_launch": false,
            "id": "subnet-04606698d0109673c",
            "ipv6_cidr_block": "",
            "ipv6_cidr_block_association_id": "",
            "ipv6_native": false,
            "map_customer_owned_ip_on_launch": false,
            "map_public_ip_on_launch": true,
            "outpost_arn": "",
            "owner_id": "730335304178",
            "private_dns_hostname_type_on_launch": "ip-name",
            "tags": {
              "name": "PublicSN-1"
            },
            "tags_all": {
              "name": "PublicSN-1"
            },
            "timeouts": null,
            "vpc_id": "vpc-010bfd89a77149352"
          },
          "sensitive_attributes": [],
          "private": "eyJlMmJmYjczMC1lY2FhLTExZTYtOGY4OC0zNDM2M2JjN2M0YzAiOnsiY3JlYXRlIjo2MDAwMDAwMDAwMDAsImRlbGV0ZSI6MTIwMDAwMDAwMDAwMH0sInNjaGVtYV92ZXJzaW9uIjoiMSJ9",
          "dependencies": [
            "module.Network.aws_vpc.mainvpc"
          ]
        },
        {
          "index_key": 1,
          "schema_version": 1,
          "attributes": {
            "arn": "arn:aws:ec2:us-east-1:730335304178:subnet/subnet-0644afdcaae67ce5f",
            "assign_ipv6_address_on_creation": false,
            "availability_zone": "us-east-1b",
            "availability_zone_id": "use1-az4",
            "cidr_block": "172.31.16.0/20",
            "customer_owned_ipv4_pool": "",
            "enable_dns64": false,
            "enable_lni_at_device_index": 0,
            "enable_resource_name_dns_a_record_on_launch": false,
            "enable_resource_name_dns_aaaa_record_on_launch": false,
            "id": "subnet-0644afdcaae67ce5f",
            "ipv6_cidr_block": "",
            "ipv6_cidr_block_association_id": "",
            "ipv6_native": false,
            "map_customer_owned_ip_on_launch": false,
            "map_public_ip_on_launch": true,
            "outpost_arn": "",
            "owner_id": "730335304178",
            "private_dns_hostname_type_on_launch": "ip-name",
            "tags": {
              "name": "PublicSN-2"
            },
            "tags_all": {
              "name": "PublicSN-2"
            },
            "timeouts": null,
            "vpc_id": "vpc-010bfd89a77149352"
          },
          "sensitive_attributes": [],
          "private": "eyJlMmJmYjczMC1lY2FhLTExZTYtOGY4OC0zNDM2M2JjN2M0YzAiOnsiY3JlYXRlIjo2MDAwMDAwMDAwMDAsImRlbGV0ZSI6MTIwMDAwMDAwMDAwMH0sInNjaGVtYV92ZXJzaW9uIjoiMSJ9",
          "dependencies": [
            "module.Network.aws_vpc.mainvpc"
          ]
        },
        {
          "index_key": 2,
          "schema_version": 1,
          "attributes": {
            "arn": "arn:aws:ec2:us-east-1:730335304178:subnet/subnet-06dbd2d597c5816bf",
            "assign_ipv6_address_on_creation": false,
            "availability_zone": "us-east-1c",
            "availability_zone_id": "use1-az6",
            "cidr_block": "172.31.32.0/20",
            "customer_owned_ipv4_pool": "",
            "enable_dns64": false,
            "enable_lni_at_device_index": 0,
            "enable_resource_name_dns_a_record_on_launch": false,
            "enable_resource_name_dns_aaaa_record_on_launch": false,
            "id": "subnet-06dbd2d597c5816bf",
            "ipv6_cidr_block": "",
            "ipv6_cidr_block_association_id": "",
            "ipv6_native": false,
            "map_customer_owned_ip_on_launch": false,
            "map_public_ip_on_launch": true,
            "outpost_arn": "",
            "owner_id": "730335304178",
            "private_dns_hostname_type_on_launch": "ip-name",
            "tags": {
              "name": "PublicSN-3"
            },
            "tags_all": {
              "name": "PublicSN-3"
            },
            "timeouts": null,
            "vpc_id": "vpc-010bfd89a77149352"
          },
          "sensitive_attributes": [],
          "private": "eyJlMmJmYjczMC1lY2FhLTExZTYtOGY4OC0zNDM2M2JjN2M0YzAiOnsiY3JlYXRlIjo2MDAwMDAwMDAwMDAsImRlbGV0ZSI6MTIwMDAwMDAwMDAwMH0sInNjaGVtYV92ZXJzaW9uIjoiMSJ9",
          "dependencies": [
            "module.Network.aws_vpc.mainvpc"
          ]
        },
        {
          "index_key": 3,
          "schema_version": 1,
          "attributes": {
            "arn": "arn:aws:ec2:us-east-1:730335304178:subnet/subnet-0a91cc2b40f5e0dd2",
            "assign_ipv6_address_on_creation": false,
            "availability_zone": "us-east-1d",
            "availability_zone_id": "use1-az1",
            "cidr_block": "172.31.48.0/20",
            "customer_owned_ipv4_pool": "",
            "enable_dns64": false,
            "enable_lni_at_device_index": 0,
            "enable_resource_name_dns_a_record_on_launch": false,
            "enable_resource_name_dns_aaaa_record_on_launch": false,
            "id": "subnet-0a91cc2b40f5e0dd2",
            "ipv6_cidr_block": "",
            "ipv6_cidr_block_association_id": "",
            "ipv6_native": false,
            "map_customer_owned_ip_on_launch": false,
            "map_public_ip_on_launch": true,
            "outpost_arn": "",
            "owner_id": "730335304178",
            "private_dns_hostname_type_on_launch": "ip-name",
            "tags": {
              "name": "PublicSN-4"
            },
            "tags_all": {
              "name": "PublicSN-4"
            },
            "timeouts": null,
            "vpc_id": "vpc-010bfd89a77149352"
          },
          "sensitive_attributes": [],
          "private": "eyJlMmJmYjczMC1lY2FhLTExZTYtOGY4OC0zNDM2M2JjN2M0YzAiOnsiY3JlYXRlIjo2MDAwMDAwMDAwMDAsImRlbGV0ZSI6MTIwMDAwMDAwMDAwMH0sInNjaGVtYV92ZXJzaW9uIjoiMSJ9",
          "dependencies": [
            "module.Network.aws_vpc.mainvpc"
          ]
        }
      ]
    },
    {
      "module": "module.Network",
      "mode": "managed",
      "type": "aws_vpc",
      "name": "mainvpc",
      "provider": "provider[\"registry.terraform.io/hashicorp/aws\"]",
      "instances": [
        {
          "schema_version": 1,
          "attributes": {
            "arn": "arn:aws:ec2:us-east-1:730335304178:vpc/vpc-010bfd89a77149352",
            "assign_generated_ipv6_cidr_block": false,
            "cidr_block": "172.31.0.0/16",
            "default_network_acl_id": "acl-0d30da4e8b8a76703",
            "default_route_table_id": "rtb-05bdc3a7b18f85992",
            "default_security_group_id": "sg-0321ed669ed2cd084",
            "dhcp_options_id": "dopt-0a14edfb4e6894724",
            "enable_dns_hostnames": true,
            "enable_dns_support": true,
            "enable_network_address_usage_metrics": false,
            "id": "vpc-010bfd89a77149352",
            "instance_tenancy": "default",
            "ipv4_ipam_pool_id": null,
            "ipv4_netmask_length": null,
            "ipv6_association_id": "",
            "ipv6_cidr_block": "",
            "ipv6_cidr_block_network_border_group": "",
            "ipv6_ipam_pool_id": "",
            "ipv6_netmask_length": 0,
            "main_route_table_id": "rtb-05bdc3a7b18f85992",
            "owner_id": "730335304178",
            "tags": {
              "name": "mainvpc"
            },
            "tags_all": {
              "name": "mainvpc"
            }
          },
          "sensitive_attributes": [],
          "private": "eyJzY2hlbWFfdmVyc2lvbiI6IjEifQ==",
          "create_before_destroy": true
        }
      ]
    }
  ],
  "check_results": null
}
